
Microsoft Visual Studio Solution File, Format Version 12.00
# Visual Studio 15
VisualStudioVersion = 15.0.27130.2010
MinimumVisualStudioVersion = 10.0.40219.1
Project("{FAE04EC0-301F-11D3-BF4B-00C04F79EFBC}") = "CreateingAndUsingDynamicObjects", "CreateingAndUsingDynamicObjects\CreateingAndUsingDynamicObjects.csproj", "{2D4E8C60-39BC-485C-9AF5-400B36296BF4}"
EndProject
Project("{2150E333-8FDC-42A3-9474-1A3956D46DE8}") = "tests", "tests", "{A19FDC74-4843-4D89-B9E4-7608621B4F35}"
EndProject
Project("{FAE04EC0-301F-11D3-BF4B-00C04F79EFBC}") = "01_Palindrome", "Questions\01_Palindrome.csproj", "{58B4A3E7-5EED-40AC-8D7C-FCE87180FAE8}"
EndProject
Project("{FAE04EC0-301F-11D3-BF4B-00C04F79EFBC}") = "02_BinarySearchTree", "02_BinarySearchTree\02_BinarySearchTree.csproj", "{1DE3E49C-6A1B-47AE-9ECF-2516645840AC}"
EndProject
Project("{FAE04EC0-301F-11D3-BF4B-00C04F79EFBC}") = "03_UserInput", "03_UserInput\03_UserInput.csproj", "{D9712E3A-7150-47B1-BAA0-D2A7887DEFDC}"
EndProject
Project("{FAE04EC0-301F-11D3-BF4B-00C04F79EFBC}") = "04_TwoSum", "04_TwoSum\04_TwoSum.csproj", "{EC1362FC-EB7E-4AE8-A908-CD5E9DB9F71A}"
EndProject
Project("{FAE04EC0-301F-11D3-BF4B-00C04F79EFBC}") = "05_Folders", "05_Folders\05_Folders.csproj", "{19E403DC-8F64-49D3-BBD0-6FEE73C2CE3A}"
EndProject
Project("{FAE04EC0-301F-11D3-BF4B-00C04F79EFBC}") = "06_SortedSearch", "06_SortedSearch\06_SortedSearch.csproj", "{911DA695-DCE9-4119-BD52-F78D02085538}"
EndProject
Project("{2150E333-8FDC-42A3-9474-1A3956D46DE8}") = "02_cdt", "02_cdt", "{EA40BAF4-2FAC-4315-BC87-DF0DF3978BEA}"
EndProject
Project("{FAE04EC0-301F-11D3-BF4B-00C04F79EFBC}") = "01_DeepestPit", "01_DeepestPit\01_DeepestPit.csproj", "{7E886AB6-A7C7-4503-9B97-4E0CCFBE8E0F}"
EndProject
Global
	GlobalSection(SolutionConfigurationPlatforms) = preSolution
		Debug|Any CPU = Debug|Any CPU
		Release|Any CPU = Release|Any CPU
	EndGlobalSection
	GlobalSection(ProjectConfigurationPlatforms) = postSolution
		{2D4E8C60-39BC-485C-9AF5-400B36296BF4}.Debug|Any CPU.ActiveCfg = Debug|Any CPU
		{2D4E8C60-39BC-485C-9AF5-400B36296BF4}.Debug|Any CPU.Build.0 = Debug|Any CPU
		{2D4E8C60-39BC-485C-9AF5-400B36296BF4}.Release|Any CPU.ActiveCfg = Release|Any CPU
		{2D4E8C60-39BC-485C-9AF5-400B36296BF4}.Release|Any CPU.Build.0 = Release|Any CPU
		{58B4A3E7-5EED-40AC-8D7C-FCE87180FAE8}.Debug|Any CPU.ActiveCfg = Debug|Any CPU
		{58B4A3E7-5EED-40AC-8D7C-FCE87180FAE8}.Debug|Any CPU.Build.0 = Debug|Any CPU
		{58B4A3E7-5EED-40AC-8D7C-FCE87180FAE8}.Release|Any CPU.ActiveCfg = Release|Any CPU
		{58B4A3E7-5EED-40AC-8D7C-FCE87180FAE8}.Release|Any CPU.Build.0 = Release|Any CPU
		{1DE3E49C-6A1B-47AE-9ECF-2516645840AC}.Debug|Any CPU.ActiveCfg = Debug|Any CPU
		{1DE3E49C-6A1B-47AE-9ECF-2516645840AC}.Debug|Any CPU.Build.0 = Debug|Any CPU
		{1DE3E49C-6A1B-47AE-9ECF-2516645840AC}.Release|Any CPU.ActiveCfg = Release|Any CPU
		{1DE3E49C-6A1B-47AE-9ECF-2516645840AC}.Release|Any CPU.Build.0 = Release|Any CPU
		{D9712E3A-7150-47B1-BAA0-D2A7887DEFDC}.Debug|Any CPU.ActiveCfg = Debug|Any CPU
		{D9712E3A-7150-47B1-BAA0-D2A7887DEFDC}.Debug|Any CPU.Build.0 = Debug|Any CPU
		{D9712E3A-7150-47B1-BAA0-D2A7887DEFDC}.Release|Any CPU.ActiveCfg = Release|Any CPU
		{D9712E3A-7150-47B1-BAA0-D2A7887DEFDC}.Release|Any CPU.Build.0 = Release|Any CPU
		{EC1362FC-EB7E-4AE8-A908-CD5E9DB9F71A}.Debug|Any CPU.ActiveCfg = Debug|Any CPU
		{EC1362FC-EB7E-4AE8-A908-CD5E9DB9F71A}.Debug|Any CPU.Build.0 = Debug|Any CPU
		{EC1362FC-EB7E-4AE8-A908-CD5E9DB9F71A}.Release|Any CPU.ActiveCfg = Release|Any CPU
		{EC1362FC-EB7E-4AE8-A908-CD5E9DB9F71A}.Release|Any CPU.Build.0 = Release|Any CPU
		{19E403DC-8F64-49D3-BBD0-6FEE73C2CE3A}.Debug|Any CPU.ActiveCfg = Debug|Any CPU
		{19E403DC-8F64-49D3-BBD0-6FEE73C2CE3A}.Debug|Any CPU.Build.0 = Debug|Any CPU
		{19E403DC-8F64-49D3-BBD0-6FEE73C2CE3A}.Release|Any CPU.ActiveCfg = Release|Any CPU
		{19E403DC-8F64-49D3-BBD0-6FEE73C2CE3A}.Release|Any CPU.Build.0 = Release|Any CPU
		{911DA695-DCE9-4119-BD52-F78D02085538}.Debug|Any CPU.ActiveCfg = Debug|Any CPU
		{911DA695-DCE9-4119-BD52-F78D02085538}.Debug|Any CPU.Build.0 = Debug|Any CPU
		{911DA695-DCE9-4119-BD52-F78D02085538}.Release|Any CPU.ActiveCfg = Release|Any CPU
		{911DA695-DCE9-4119-BD52-F78D02085538}.Release|Any CPU.Build.0 = Release|Any CPU
		{7E886AB6-A7C7-4503-9B97-4E0CCFBE8E0F}.Debug|Any CPU.ActiveCfg = Debug|Any CPU
		{7E886AB6-A7C7-4503-9B97-4E0CCFBE8E0F}.Debug|Any CPU.Build.0 = Debug|Any CPU
		{7E886AB6-A7C7-4503-9B97-4E0CCFBE8E0F}.Release|Any CPU.ActiveCfg = Release|Any CPU
		{7E886AB6-A7C7-4503-9B97-4E0CCFBE8E0F}.Release|Any CPU.Build.0 = Release|Any CPU
	EndGlobalSection
	GlobalSection(SolutionProperties) = preSolution
		HideSolutionNode = FALSE
	EndGlobalSection
	GlobalSection(NestedProjects) = preSolution
		{58B4A3E7-5EED-40AC-8D7C-FCE87180FAE8} = {A19FDC74-4843-4D89-B9E4-7608621B4F35}
		{1DE3E49C-6A1B-47AE-9ECF-2516645840AC} = {A19FDC74-4843-4D89-B9E4-7608621B4F35}
		{D9712E3A-7150-47B1-BAA0-D2A7887DEFDC} = {A19FDC74-4843-4D89-B9E4-7608621B4F35}
		{EC1362FC-EB7E-4AE8-A908-CD5E9DB9F71A} = {A19FDC74-4843-4D89-B9E4-7608621B4F35}
		{19E403DC-8F64-49D3-BBD0-6FEE73C2CE3A} = {A19FDC74-4843-4D89-B9E4-7608621B4F35}
		{911DA695-DCE9-4119-BD52-F78D02085538} = {A19FDC74-4843-4D89-B9E4-7608621B4F35}
		{7E886AB6-A7C7-4503-9B97-4E0CCFBE8E0F} = {EA40BAF4-2FAC-4315-BC87-DF0DF3978BEA}
	EndGlobalSection
	GlobalSection(ExtensibilityGlobals) = postSolution
		SolutionGuid = {033692A7-824F-46DD-8C2C-0676CFB45414}
	EndGlobalSection
EndGlobal
