
Microsoft Visual Studio Solution File, Format Version 12.00
# Visual Studio 15
VisualStudioVersion = 15.0.27703.2000
MinimumVisualStudioVersion = 10.0.40219.1
Project("{FAE04EC0-301F-11D3-BF4B-00C04F79EFBC}") = "CreateingAndUsingDynamicObjects", "CreateingAndUsingDynamicObjects\CreateingAndUsingDynamicObjects.csproj", "{2D4E8C60-39BC-485C-9AF5-400B36296BF4}"
EndProject
Project("{2150E333-8FDC-42A3-9474-1A3956D46DE8}") = "tests", "tests", "{A19FDC74-4843-4D89-B9E4-7608621B4F35}"
EndProject
Project("{FAE04EC0-301F-11D3-BF4B-00C04F79EFBC}") = "01_Palindrome", "Questions\01_Palindrome.csproj", "{58B4A3E7-5EED-40AC-8D7C-FCE87180FAE8}"
EndProject
Project("{FAE04EC0-301F-11D3-BF4B-00C04F79EFBC}") = "02_BinarySearchTree", "02_BinarySearchTree\02_BinarySearchTree.csproj", "{1DE3E49C-6A1B-47AE-9ECF-2516645840AC}"
EndProject
Project("{FAE04EC0-301F-11D3-BF4B-00C04F79EFBC}") = "03_UserInput", "03_UserInput\03_UserInput.csproj", "{D9712E3A-7150-47B1-BAA0-D2A7887DEFDC}"
EndProject
Project("{FAE04EC0-301F-11D3-BF4B-00C04F79EFBC}") = "04_TwoSum", "04_TwoSum\04_TwoSum.csproj", "{EC1362FC-EB7E-4AE8-A908-CD5E9DB9F71A}"
EndProject
Project("{FAE04EC0-301F-11D3-BF4B-00C04F79EFBC}") = "05_Folders", "05_Folders\05_Folders.csproj", "{19E403DC-8F64-49D3-BBD0-6FEE73C2CE3A}"
EndProject
Project("{FAE04EC0-301F-11D3-BF4B-00C04F79EFBC}") = "06_SortedSearch", "06_SortedSearch\06_SortedSearch.csproj", "{911DA695-DCE9-4119-BD52-F78D02085538}"
EndProject
Project("{2150E333-8FDC-42A3-9474-1A3956D46DE8}") = "02_cdt", "02_cdt", "{EA40BAF4-2FAC-4315-BC87-DF0DF3978BEA}"
EndProject
Project("{FAE04EC0-301F-11D3-BF4B-00C04F79EFBC}") = "01_DeepestPit", "01_DeepestPit\01_DeepestPit.csproj", "{7E886AB6-A7C7-4503-9B97-4E0CCFBE8E0F}"
EndProject
Project("{FAE04EC0-301F-11D3-BF4B-00C04F79EFBC}") = "01_DeepestPitTests", "01_DeepestPitTests\01_DeepestPitTests.csproj", "{B345A0DE-86B5-4C00-87F7-0CBD09BAAD12}"
EndProject
Project("{FAE04EC0-301F-11D3-BF4B-00C04F79EFBC}") = "07_TrainComposition", "07_TrainComposition\07_TrainComposition.csproj", "{67EBE2E4-25AC-454B-A171-6601B51A1289}"
EndProject
Project("{FAE04EC0-301F-11D3-BF4B-00C04F79EFBC}") = "08_Path", "08_Path\08_Path.csproj", "{F7AC9FDB-5FEE-41A9-AD64-872CF22DBBE0}"
EndProject
Project("{2150E333-8FDC-42A3-9474-1A3956D46DE8}") = "Lessons", "Lessons", "{8854F46A-FCC6-42DB-87AE-7564C02624E6}"
EndProject
Project("{FAE04EC0-301F-11D3-BF4B-00C04F79EFBC}") = "01_BinaryGap", "BinaryGap\01_BinaryGap.csproj", "{8682D239-CC4F-448B-9700-41A98D31A966}"
EndProject
Project("{FAE04EC0-301F-11D3-BF4B-00C04F79EFBC}") = "02_Arrays_01_CyclingRotation", "02_Arrays_01_CyclingRotation\02_Arrays_01_CyclingRotation.csproj", "{232FBCE6-D6C7-4F41-8F16-941523E983FC}"
EndProject
Project("{FAE04EC0-301F-11D3-BF4B-00C04F79EFBC}") = "03_TimeComplexity_01_FrogJmp", "03_TimeComplexity_01_FrogJmp\03_TimeComplexity_01_FrogJmp.csproj", "{E13C5F36-CEE5-495C-8BB6-F2C6F7F59A0B}"
EndProject
Project("{FAE04EC0-301F-11D3-BF4B-00C04F79EFBC}") = "04_CountingElement_01_PermCheck", "04_CountingElement_01_PermCheck\04_CountingElement_01_PermCheck.csproj", "{D6A218C0-5DA0-4EDC-89DE-A1231272B915}"
EndProject
Project("{FAE04EC0-301F-11D3-BF4B-00C04F79EFBC}") = "05_PrefixSums_00_Theory", "05_PrefixSums_00_Theory\05_PrefixSums_00_Theory.csproj", "{5F0A4B14-33AF-44B3-9431-2C82C6C76840}"
EndProject
Project("{FAE04EC0-301F-11D3-BF4B-00C04F79EFBC}") = "05_PrefixSums_01_PassingCars", "05_PrefixSums_01_PassingCars\05_PrefixSums_01_PassingCars.csproj", "{EB9FCDCC-F56A-4873-BC97-F43DAD31B56E}"
EndProject
Project("{FAE04EC0-301F-11D3-BF4B-00C04F79EFBC}") = "06_Sorting_01_Distinct", "06_Sorting_01_Distinct\06_Sorting_01_Distinct.csproj", "{A46BA66D-1EF3-4C52-9CEE-2A096ACD9F98}"
EndProject
Project("{FAE04EC0-301F-11D3-BF4B-00C04F79EFBC}") = "07_StackAndQueues_01_Nesting", "07_StackAndQueues_01_Nesting\07_StackAndQueues_01_Nesting.csproj", "{82239206-477C-403D-B5FD-FE1AA809BCE4}"
EndProject
Project("{FAE04EC0-301F-11D3-BF4B-00C04F79EFBC}") = "08_Leader_01_Dominator", "08_Leader_01_Dominator\08_Leader_01_Dominator.csproj", "{C0C67AD0-806D-4790-82FF-E14430556E84}"
EndProject
Project("{FAE04EC0-301F-11D3-BF4B-00C04F79EFBC}") = "09_MaximumSliceProblem_01_MaxDoubleSliceSum", "09_MaximumSliceProblem_01_MaxDoubleSliceSum\09_MaximumSliceProblem_01_MaxDoubleSliceSum.csproj", "{719196EB-F5EF-4C48-AA20-FF0E8F635969}"
EndProject
Global
	GlobalSection(SolutionConfigurationPlatforms) = preSolution
		Debug|Any CPU = Debug|Any CPU
		Release|Any CPU = Release|Any CPU
	EndGlobalSection
	GlobalSection(ProjectConfigurationPlatforms) = postSolution
		{2D4E8C60-39BC-485C-9AF5-400B36296BF4}.Debug|Any CPU.ActiveCfg = Debug|Any CPU
		{2D4E8C60-39BC-485C-9AF5-400B36296BF4}.Debug|Any CPU.Build.0 = Debug|Any CPU
		{2D4E8C60-39BC-485C-9AF5-400B36296BF4}.Release|Any CPU.ActiveCfg = Release|Any CPU
		{2D4E8C60-39BC-485C-9AF5-400B36296BF4}.Release|Any CPU.Build.0 = Release|Any CPU
		{58B4A3E7-5EED-40AC-8D7C-FCE87180FAE8}.Debug|Any CPU.ActiveCfg = Debug|Any CPU
		{58B4A3E7-5EED-40AC-8D7C-FCE87180FAE8}.Debug|Any CPU.Build.0 = Debug|Any CPU
		{58B4A3E7-5EED-40AC-8D7C-FCE87180FAE8}.Release|Any CPU.ActiveCfg = Release|Any CPU
		{58B4A3E7-5EED-40AC-8D7C-FCE87180FAE8}.Release|Any CPU.Build.0 = Release|Any CPU
		{1DE3E49C-6A1B-47AE-9ECF-2516645840AC}.Debug|Any CPU.ActiveCfg = Debug|Any CPU
		{1DE3E49C-6A1B-47AE-9ECF-2516645840AC}.Debug|Any CPU.Build.0 = Debug|Any CPU
		{1DE3E49C-6A1B-47AE-9ECF-2516645840AC}.Release|Any CPU.ActiveCfg = Release|Any CPU
		{1DE3E49C-6A1B-47AE-9ECF-2516645840AC}.Release|Any CPU.Build.0 = Release|Any CPU
		{D9712E3A-7150-47B1-BAA0-D2A7887DEFDC}.Debug|Any CPU.ActiveCfg = Debug|Any CPU
		{D9712E3A-7150-47B1-BAA0-D2A7887DEFDC}.Debug|Any CPU.Build.0 = Debug|Any CPU
		{D9712E3A-7150-47B1-BAA0-D2A7887DEFDC}.Release|Any CPU.ActiveCfg = Release|Any CPU
		{D9712E3A-7150-47B1-BAA0-D2A7887DEFDC}.Release|Any CPU.Build.0 = Release|Any CPU
		{EC1362FC-EB7E-4AE8-A908-CD5E9DB9F71A}.Debug|Any CPU.ActiveCfg = Debug|Any CPU
		{EC1362FC-EB7E-4AE8-A908-CD5E9DB9F71A}.Debug|Any CPU.Build.0 = Debug|Any CPU
		{EC1362FC-EB7E-4AE8-A908-CD5E9DB9F71A}.Release|Any CPU.ActiveCfg = Release|Any CPU
		{EC1362FC-EB7E-4AE8-A908-CD5E9DB9F71A}.Release|Any CPU.Build.0 = Release|Any CPU
		{19E403DC-8F64-49D3-BBD0-6FEE73C2CE3A}.Debug|Any CPU.ActiveCfg = Debug|Any CPU
		{19E403DC-8F64-49D3-BBD0-6FEE73C2CE3A}.Debug|Any CPU.Build.0 = Debug|Any CPU
		{19E403DC-8F64-49D3-BBD0-6FEE73C2CE3A}.Release|Any CPU.ActiveCfg = Release|Any CPU
		{19E403DC-8F64-49D3-BBD0-6FEE73C2CE3A}.Release|Any CPU.Build.0 = Release|Any CPU
		{911DA695-DCE9-4119-BD52-F78D02085538}.Debug|Any CPU.ActiveCfg = Debug|Any CPU
		{911DA695-DCE9-4119-BD52-F78D02085538}.Debug|Any CPU.Build.0 = Debug|Any CPU
		{911DA695-DCE9-4119-BD52-F78D02085538}.Release|Any CPU.ActiveCfg = Release|Any CPU
		{911DA695-DCE9-4119-BD52-F78D02085538}.Release|Any CPU.Build.0 = Release|Any CPU
		{7E886AB6-A7C7-4503-9B97-4E0CCFBE8E0F}.Debug|Any CPU.ActiveCfg = Debug|Any CPU
		{7E886AB6-A7C7-4503-9B97-4E0CCFBE8E0F}.Debug|Any CPU.Build.0 = Debug|Any CPU
		{7E886AB6-A7C7-4503-9B97-4E0CCFBE8E0F}.Release|Any CPU.ActiveCfg = Release|Any CPU
		{7E886AB6-A7C7-4503-9B97-4E0CCFBE8E0F}.Release|Any CPU.Build.0 = Release|Any CPU
		{B345A0DE-86B5-4C00-87F7-0CBD09BAAD12}.Debug|Any CPU.ActiveCfg = Debug|Any CPU
		{B345A0DE-86B5-4C00-87F7-0CBD09BAAD12}.Debug|Any CPU.Build.0 = Debug|Any CPU
		{B345A0DE-86B5-4C00-87F7-0CBD09BAAD12}.Release|Any CPU.ActiveCfg = Release|Any CPU
		{B345A0DE-86B5-4C00-87F7-0CBD09BAAD12}.Release|Any CPU.Build.0 = Release|Any CPU
		{67EBE2E4-25AC-454B-A171-6601B51A1289}.Debug|Any CPU.ActiveCfg = Debug|Any CPU
		{67EBE2E4-25AC-454B-A171-6601B51A1289}.Debug|Any CPU.Build.0 = Debug|Any CPU
		{67EBE2E4-25AC-454B-A171-6601B51A1289}.Release|Any CPU.ActiveCfg = Release|Any CPU
		{67EBE2E4-25AC-454B-A171-6601B51A1289}.Release|Any CPU.Build.0 = Release|Any CPU
		{F7AC9FDB-5FEE-41A9-AD64-872CF22DBBE0}.Debug|Any CPU.ActiveCfg = Debug|Any CPU
		{F7AC9FDB-5FEE-41A9-AD64-872CF22DBBE0}.Debug|Any CPU.Build.0 = Debug|Any CPU
		{F7AC9FDB-5FEE-41A9-AD64-872CF22DBBE0}.Release|Any CPU.ActiveCfg = Release|Any CPU
		{F7AC9FDB-5FEE-41A9-AD64-872CF22DBBE0}.Release|Any CPU.Build.0 = Release|Any CPU
		{8682D239-CC4F-448B-9700-41A98D31A966}.Debug|Any CPU.ActiveCfg = Debug|Any CPU
		{8682D239-CC4F-448B-9700-41A98D31A966}.Debug|Any CPU.Build.0 = Debug|Any CPU
		{8682D239-CC4F-448B-9700-41A98D31A966}.Release|Any CPU.ActiveCfg = Release|Any CPU
		{8682D239-CC4F-448B-9700-41A98D31A966}.Release|Any CPU.Build.0 = Release|Any CPU
		{232FBCE6-D6C7-4F41-8F16-941523E983FC}.Debug|Any CPU.ActiveCfg = Debug|Any CPU
		{232FBCE6-D6C7-4F41-8F16-941523E983FC}.Debug|Any CPU.Build.0 = Debug|Any CPU
		{232FBCE6-D6C7-4F41-8F16-941523E983FC}.Release|Any CPU.ActiveCfg = Release|Any CPU
		{232FBCE6-D6C7-4F41-8F16-941523E983FC}.Release|Any CPU.Build.0 = Release|Any CPU
		{E13C5F36-CEE5-495C-8BB6-F2C6F7F59A0B}.Debug|Any CPU.ActiveCfg = Debug|Any CPU
		{E13C5F36-CEE5-495C-8BB6-F2C6F7F59A0B}.Debug|Any CPU.Build.0 = Debug|Any CPU
		{E13C5F36-CEE5-495C-8BB6-F2C6F7F59A0B}.Release|Any CPU.ActiveCfg = Release|Any CPU
		{E13C5F36-CEE5-495C-8BB6-F2C6F7F59A0B}.Release|Any CPU.Build.0 = Release|Any CPU
		{D6A218C0-5DA0-4EDC-89DE-A1231272B915}.Debug|Any CPU.ActiveCfg = Debug|Any CPU
		{D6A218C0-5DA0-4EDC-89DE-A1231272B915}.Debug|Any CPU.Build.0 = Debug|Any CPU
		{D6A218C0-5DA0-4EDC-89DE-A1231272B915}.Release|Any CPU.ActiveCfg = Release|Any CPU
		{D6A218C0-5DA0-4EDC-89DE-A1231272B915}.Release|Any CPU.Build.0 = Release|Any CPU
		{5F0A4B14-33AF-44B3-9431-2C82C6C76840}.Debug|Any CPU.ActiveCfg = Debug|Any CPU
		{5F0A4B14-33AF-44B3-9431-2C82C6C76840}.Debug|Any CPU.Build.0 = Debug|Any CPU
		{5F0A4B14-33AF-44B3-9431-2C82C6C76840}.Release|Any CPU.ActiveCfg = Release|Any CPU
		{5F0A4B14-33AF-44B3-9431-2C82C6C76840}.Release|Any CPU.Build.0 = Release|Any CPU
		{EB9FCDCC-F56A-4873-BC97-F43DAD31B56E}.Debug|Any CPU.ActiveCfg = Debug|Any CPU
		{EB9FCDCC-F56A-4873-BC97-F43DAD31B56E}.Debug|Any CPU.Build.0 = Debug|Any CPU
		{EB9FCDCC-F56A-4873-BC97-F43DAD31B56E}.Release|Any CPU.ActiveCfg = Release|Any CPU
		{EB9FCDCC-F56A-4873-BC97-F43DAD31B56E}.Release|Any CPU.Build.0 = Release|Any CPU
		{A46BA66D-1EF3-4C52-9CEE-2A096ACD9F98}.Debug|Any CPU.ActiveCfg = Debug|Any CPU
		{A46BA66D-1EF3-4C52-9CEE-2A096ACD9F98}.Debug|Any CPU.Build.0 = Debug|Any CPU
		{A46BA66D-1EF3-4C52-9CEE-2A096ACD9F98}.Release|Any CPU.ActiveCfg = Release|Any CPU
		{A46BA66D-1EF3-4C52-9CEE-2A096ACD9F98}.Release|Any CPU.Build.0 = Release|Any CPU
		{82239206-477C-403D-B5FD-FE1AA809BCE4}.Debug|Any CPU.ActiveCfg = Debug|Any CPU
		{82239206-477C-403D-B5FD-FE1AA809BCE4}.Debug|Any CPU.Build.0 = Debug|Any CPU
		{82239206-477C-403D-B5FD-FE1AA809BCE4}.Release|Any CPU.ActiveCfg = Release|Any CPU
		{82239206-477C-403D-B5FD-FE1AA809BCE4}.Release|Any CPU.Build.0 = Release|Any CPU
		{C0C67AD0-806D-4790-82FF-E14430556E84}.Debug|Any CPU.ActiveCfg = Debug|Any CPU
		{C0C67AD0-806D-4790-82FF-E14430556E84}.Debug|Any CPU.Build.0 = Debug|Any CPU
		{C0C67AD0-806D-4790-82FF-E14430556E84}.Release|Any CPU.ActiveCfg = Release|Any CPU
		{C0C67AD0-806D-4790-82FF-E14430556E84}.Release|Any CPU.Build.0 = Release|Any CPU
		{719196EB-F5EF-4C48-AA20-FF0E8F635969}.Debug|Any CPU.ActiveCfg = Debug|Any CPU
		{719196EB-F5EF-4C48-AA20-FF0E8F635969}.Debug|Any CPU.Build.0 = Debug|Any CPU
		{719196EB-F5EF-4C48-AA20-FF0E8F635969}.Release|Any CPU.ActiveCfg = Release|Any CPU
		{719196EB-F5EF-4C48-AA20-FF0E8F635969}.Release|Any CPU.Build.0 = Release|Any CPU
	EndGlobalSection
	GlobalSection(SolutionProperties) = preSolution
		HideSolutionNode = FALSE
	EndGlobalSection
	GlobalSection(NestedProjects) = preSolution
		{58B4A3E7-5EED-40AC-8D7C-FCE87180FAE8} = {A19FDC74-4843-4D89-B9E4-7608621B4F35}
		{1DE3E49C-6A1B-47AE-9ECF-2516645840AC} = {A19FDC74-4843-4D89-B9E4-7608621B4F35}
		{D9712E3A-7150-47B1-BAA0-D2A7887DEFDC} = {A19FDC74-4843-4D89-B9E4-7608621B4F35}
		{EC1362FC-EB7E-4AE8-A908-CD5E9DB9F71A} = {A19FDC74-4843-4D89-B9E4-7608621B4F35}
		{19E403DC-8F64-49D3-BBD0-6FEE73C2CE3A} = {A19FDC74-4843-4D89-B9E4-7608621B4F35}
		{911DA695-DCE9-4119-BD52-F78D02085538} = {A19FDC74-4843-4D89-B9E4-7608621B4F35}
		{7E886AB6-A7C7-4503-9B97-4E0CCFBE8E0F} = {EA40BAF4-2FAC-4315-BC87-DF0DF3978BEA}
		{B345A0DE-86B5-4C00-87F7-0CBD09BAAD12} = {EA40BAF4-2FAC-4315-BC87-DF0DF3978BEA}
		{67EBE2E4-25AC-454B-A171-6601B51A1289} = {A19FDC74-4843-4D89-B9E4-7608621B4F35}
		{F7AC9FDB-5FEE-41A9-AD64-872CF22DBBE0} = {A19FDC74-4843-4D89-B9E4-7608621B4F35}
		{8854F46A-FCC6-42DB-87AE-7564C02624E6} = {EA40BAF4-2FAC-4315-BC87-DF0DF3978BEA}
		{8682D239-CC4F-448B-9700-41A98D31A966} = {8854F46A-FCC6-42DB-87AE-7564C02624E6}
		{232FBCE6-D6C7-4F41-8F16-941523E983FC} = {8854F46A-FCC6-42DB-87AE-7564C02624E6}
		{E13C5F36-CEE5-495C-8BB6-F2C6F7F59A0B} = {8854F46A-FCC6-42DB-87AE-7564C02624E6}
		{D6A218C0-5DA0-4EDC-89DE-A1231272B915} = {8854F46A-FCC6-42DB-87AE-7564C02624E6}
		{5F0A4B14-33AF-44B3-9431-2C82C6C76840} = {8854F46A-FCC6-42DB-87AE-7564C02624E6}
		{EB9FCDCC-F56A-4873-BC97-F43DAD31B56E} = {8854F46A-FCC6-42DB-87AE-7564C02624E6}
		{A46BA66D-1EF3-4C52-9CEE-2A096ACD9F98} = {8854F46A-FCC6-42DB-87AE-7564C02624E6}
		{82239206-477C-403D-B5FD-FE1AA809BCE4} = {8854F46A-FCC6-42DB-87AE-7564C02624E6}
		{C0C67AD0-806D-4790-82FF-E14430556E84} = {8854F46A-FCC6-42DB-87AE-7564C02624E6}
		{719196EB-F5EF-4C48-AA20-FF0E8F635969} = {8854F46A-FCC6-42DB-87AE-7564C02624E6}
	EndGlobalSection
	GlobalSection(ExtensibilityGlobals) = postSolution
		SolutionGuid = {033692A7-824F-46DD-8C2C-0676CFB45414}
	EndGlobalSection
EndGlobal
