
Microsoft Visual Studio Solution File, Format Version 12.00
# Visual Studio 15
VisualStudioVersion = 15.0.27703.2000
MinimumVisualStudioVersion = 10.0.40219.1
Project("{FAE04EC0-301F-11D3-BF4B-00C04F79EFBC}") = "CreateingAndUsingDynamicObjects", "CreateingAndUsingDynamicObjects\CreateingAndUsingDynamicObjects.csproj", "{2D4E8C60-39BC-485C-9AF5-400B36296BF4}"
EndProject
Project("{2150E333-8FDC-42A3-9474-1A3956D46DE8}") = "04_tests", "04_tests", "{A19FDC74-4843-4D89-B9E4-7608621B4F35}"
EndProject
Project("{FAE04EC0-301F-11D3-BF4B-00C04F79EFBC}") = "01_Palindrome", "Questions\01_Palindrome.csproj", "{58B4A3E7-5EED-40AC-8D7C-FCE87180FAE8}"
EndProject
Project("{FAE04EC0-301F-11D3-BF4B-00C04F79EFBC}") = "02_BinarySearchTree", "02_BinarySearchTree\02_BinarySearchTree.csproj", "{1DE3E49C-6A1B-47AE-9ECF-2516645840AC}"
EndProject
Project("{FAE04EC0-301F-11D3-BF4B-00C04F79EFBC}") = "03_UserInput", "03_UserInput\03_UserInput.csproj", "{D9712E3A-7150-47B1-BAA0-D2A7887DEFDC}"
EndProject
Project("{FAE04EC0-301F-11D3-BF4B-00C04F79EFBC}") = "04_TwoSum", "04_TwoSum\04_TwoSum.csproj", "{EC1362FC-EB7E-4AE8-A908-CD5E9DB9F71A}"
EndProject
Project("{FAE04EC0-301F-11D3-BF4B-00C04F79EFBC}") = "05_Folders", "05_Folders\05_Folders.csproj", "{19E403DC-8F64-49D3-BBD0-6FEE73C2CE3A}"
EndProject
Project("{FAE04EC0-301F-11D3-BF4B-00C04F79EFBC}") = "06_SortedSearch", "06_SortedSearch\06_SortedSearch.csproj", "{911DA695-DCE9-4119-BD52-F78D02085538}"
EndProject
Project("{2150E333-8FDC-42A3-9474-1A3956D46DE8}") = "02_cdt", "02_cdt", "{EA40BAF4-2FAC-4315-BC87-DF0DF3978BEA}"
EndProject
Project("{FAE04EC0-301F-11D3-BF4B-00C04F79EFBC}") = "01_DeepestPit", "01_DeepestPit\01_DeepestPit.csproj", "{7E886AB6-A7C7-4503-9B97-4E0CCFBE8E0F}"
EndProject
Project("{FAE04EC0-301F-11D3-BF4B-00C04F79EFBC}") = "01_DeepestPitTests", "01_DeepestPitTests\01_DeepestPitTests.csproj", "{B345A0DE-86B5-4C00-87F7-0CBD09BAAD12}"
EndProject
Project("{FAE04EC0-301F-11D3-BF4B-00C04F79EFBC}") = "07_TrainComposition", "07_TrainComposition\07_TrainComposition.csproj", "{67EBE2E4-25AC-454B-A171-6601B51A1289}"
EndProject
Project("{FAE04EC0-301F-11D3-BF4B-00C04F79EFBC}") = "08_Path", "08_Path\08_Path.csproj", "{F7AC9FDB-5FEE-41A9-AD64-872CF22DBBE0}"
EndProject
Project("{2150E333-8FDC-42A3-9474-1A3956D46DE8}") = "Lessons", "Lessons", "{8854F46A-FCC6-42DB-87AE-7564C02624E6}"
EndProject
Project("{FAE04EC0-301F-11D3-BF4B-00C04F79EFBC}") = "01_BinaryGap", "BinaryGap\01_BinaryGap.csproj", "{8682D239-CC4F-448B-9700-41A98D31A966}"
EndProject
Project("{FAE04EC0-301F-11D3-BF4B-00C04F79EFBC}") = "02_Arrays_01_CyclingRotation", "02_Arrays_01_CyclingRotation\02_Arrays_01_CyclingRotation.csproj", "{232FBCE6-D6C7-4F41-8F16-941523E983FC}"
EndProject
Project("{FAE04EC0-301F-11D3-BF4B-00C04F79EFBC}") = "03_TimeComplexity_01_FrogJmp", "03_TimeComplexity_01_FrogJmp\03_TimeComplexity_01_FrogJmp.csproj", "{E13C5F36-CEE5-495C-8BB6-F2C6F7F59A0B}"
EndProject
Project("{FAE04EC0-301F-11D3-BF4B-00C04F79EFBC}") = "04_CountingElement_01_PermCheck", "04_CountingElement_01_PermCheck\04_CountingElement_01_PermCheck.csproj", "{D6A218C0-5DA0-4EDC-89DE-A1231272B915}"
EndProject
Project("{FAE04EC0-301F-11D3-BF4B-00C04F79EFBC}") = "05_PrefixSums_00_Theory", "05_PrefixSums_00_Theory\05_PrefixSums_00_Theory.csproj", "{5F0A4B14-33AF-44B3-9431-2C82C6C76840}"
EndProject
Project("{FAE04EC0-301F-11D3-BF4B-00C04F79EFBC}") = "05_PrefixSums_01_PassingCars", "05_PrefixSums_01_PassingCars\05_PrefixSums_01_PassingCars.csproj", "{EB9FCDCC-F56A-4873-BC97-F43DAD31B56E}"
EndProject
Project("{FAE04EC0-301F-11D3-BF4B-00C04F79EFBC}") = "06_Sorting_01_Distinct", "06_Sorting_01_Distinct\06_Sorting_01_Distinct.csproj", "{A46BA66D-1EF3-4C52-9CEE-2A096ACD9F98}"
EndProject
Project("{FAE04EC0-301F-11D3-BF4B-00C04F79EFBC}") = "07_StackAndQueues_01_Nesting", "07_StackAndQueues_01_Nesting\07_StackAndQueues_01_Nesting.csproj", "{82239206-477C-403D-B5FD-FE1AA809BCE4}"
EndProject
Project("{FAE04EC0-301F-11D3-BF4B-00C04F79EFBC}") = "08_Leader_01_Dominator", "08_Leader_01_Dominator\08_Leader_01_Dominator.csproj", "{C0C67AD0-806D-4790-82FF-E14430556E84}"
EndProject
Project("{FAE04EC0-301F-11D3-BF4B-00C04F79EFBC}") = "09_MaximumSliceProblem_01_MaxDoubleSliceSum", "09_MaximumSliceProblem_01_MaxDoubleSliceSum\09_MaximumSliceProblem_01_MaxDoubleSliceSum.csproj", "{719196EB-F5EF-4C48-AA20-FF0E8F635969}"
EndProject
Project("{FAE04EC0-301F-11D3-BF4B-00C04F79EFBC}") = "09_MaximumSliceProblem_00_Theory", "09_MaximumSliceProblem_00_Theory\09_MaximumSliceProblem_00_Theory.csproj", "{44723412-705A-4E69-81B9-9D13D491FBD0}"
EndProject
Project("{FAE04EC0-301F-11D3-BF4B-00C04F79EFBC}") = "10_PrimeAndCompositNumbers_01_CountFactors", "10_PrimeAndCompositNumbers_01_CountFactors\10_PrimeAndCompositNumbers_01_CountFactors.csproj", "{CFA46181-F818-48D9-8F5B-DD44026EAF7B}"
EndProject
Project("{FAE04EC0-301F-11D3-BF4B-00C04F79EFBC}") = "11_SieveOfEratosthenes_01_CountSemiprimes", "11_SieveOfEratosthenes_01_CountSemeprimes\11_SieveOfEratosthenes_01_CountSemiprimes.csproj", "{1043BF8A-D82B-4FB5-8403-E6A00853C6B5}"
EndProject
Project("{FAE04EC0-301F-11D3-BF4B-00C04F79EFBC}") = "11_SieveOfEratosthenes_00_Theory", "11_SieveOfEratosthenes_00_Theory\11_SieveOfEratosthenes_00_Theory.csproj", "{703F4ABA-8D5C-44D4-B008-19DD936A225C}"
EndProject
Project("{FAE04EC0-301F-11D3-BF4B-00C04F79EFBC}") = "12_EuclideanAlghorithm_01_ChocolatesByNumbers", "12_EuclideanAlghorithm_01_ChocolatesByNumbers\12_EuclideanAlghorithm_01_ChocolatesByNumbers.csproj", "{464C3B17-0473-47CD-A8F5-74A92706BF04}"
EndProject
Project("{FAE04EC0-301F-11D3-BF4B-00C04F79EFBC}") = "13_FibonacciNumbers_01_FibFrog", "13_FibonacciNumbers_01_FibFrog\13_FibonacciNumbers_01_FibFrog.csproj", "{47C92868-A41A-40FD-99E0-1857AECA0A8D}"
EndProject
Project("{FAE04EC0-301F-11D3-BF4B-00C04F79EFBC}") = "14_BinarySearchAlgorithm_00_Theory", "14_BinarySearchAlgorithm_00_Theory\14_BinarySearchAlgorithm_00_Theory.csproj", "{D8F4F9E9-637B-43ED-9A68-9F7E6EB0B170}"
EndProject
Project("{FAE04EC0-301F-11D3-BF4B-00C04F79EFBC}") = "LongToInt", "LongToInt\LongToInt.csproj", "{2E3A7B57-3EF6-429D-AA9D-9AF7551230E3}"
EndProject
Project("{FAE04EC0-301F-11D3-BF4B-00C04F79EFBC}") = "14_BinarySearchAlgorithm_01_MinMaxDivision", "14_BinarySearchAlgorithm_01_MinMaxDivision\14_BinarySearchAlgorithm_01_MinMaxDivision.csproj", "{4F4E1C9B-C727-4E1F-8618-E204FE1E246A}"
EndProject
Project("{FAE04EC0-301F-11D3-BF4B-00C04F79EFBC}") = "15_CaterpillarMethod_00_Theory", "15_CaterpillarMethod_00_Theory\15_CaterpillarMethod_00_Theory.csproj", "{7D757C6D-93B4-4D23-9998-9764A46EC953}"
EndProject
Project("{FAE04EC0-301F-11D3-BF4B-00C04F79EFBC}") = "15_CaterpillarMethod_01_AbsDistinct", "15_CaterpillarMethod_01_AbsDistinct\15_CaterpillarMethod_01_AbsDistinct.csproj", "{AD7822E6-B8B0-42D4-AA20-B17544A78C8E}"
EndProject
Project("{FAE04EC0-301F-11D3-BF4B-00C04F79EFBC}") = "16_GreedyAlgorithms_00_Theory", "16_GreedyAlgorithms_00_Theory\16_GreedyAlgorithms_00_Theory.csproj", "{B676C45F-C527-44DF-9D15-888EDE55A3E5}"
EndProject
Project("{9A19103F-16F7-4668-BE54-9A1E7A4F7556}") = "16_GreedyAltorithms_01_MaxNonoverlappingSegments", "16_GreedyAltorithms_01_MaxNonoverlappingSegments\16_GreedyAltorithms_01_MaxNonoverlappingSegments.csproj", "{8487C1E2-9085-4EF0-97F2-AE41EB607121}"
EndProject
Project("{2150E333-8FDC-42A3-9474-1A3956D46DE8}") = "03_QuestionsAndAnswers", "03_QuestionsAndAnswers", "{BF2E645A-41B6-4455-95A1-8E197208EBEE}"
EndProject
Project("{9A19103F-16F7-4668-BE54-9A1E7A4F7556}") = "_013_ExceptionHandling", "_013_ExceptionHandling\_013_ExceptionHandling.csproj", "{C92BABEC-2AC1-4569-A6E0-A3A8B0D34CBE}"
EndProject
Project("{9A19103F-16F7-4668-BE54-9A1E7A4F7556}") = "17_DynamicProgramming_00_Theory", "17_DynamicProgramming_00_Theory\17_DynamicProgramming_00_Theory.csproj", "{A78BA934-3757-4FA3-8CC8-649B9E8B5EE1}"
EndProject
Project("{2150E333-8FDC-42A3-9474-1A3956D46DE8}") = "05_ThemesAndTasks", "05_ThemesAndTasks", "{00E6A2DE-A133-4912-973C-227C25C9B47A}"
EndProject
Project("{2150E333-8FDC-42A3-9474-1A3956D46DE8}") = "04_TreesAndGraphs", "04_TreesAndGraphs", "{6805665B-EE3B-4B93-8315-E736D4FAF7E7}"
EndProject
Project("{2150E333-8FDC-42A3-9474-1A3956D46DE8}") = "1_Theory", "1_Theory", "{DE9CA56D-FEB4-420D-AB25-7F3E3F453AFD}"
EndProject
Project("{2150E333-8FDC-42A3-9474-1A3956D46DE8}") = "2_Tasks", "2_Tasks", "{A0AED075-4384-4A30-AD2D-973AB436B1D2}"
EndProject
Project("{9A19103F-16F7-4668-BE54-9A1E7A4F7556}") = "01_BinaryTree", "01_BinaryTree\01_BinaryTree.csproj", "{7CB6526B-B3BA-4E72-8A4A-342D5DDBA265}"
EndProject
Project("{9A19103F-16F7-4668-BE54-9A1E7A4F7556}") = "02_TreeTraversal", "TreeTraversal\02_TreeTraversal.csproj", "{CDC3D030-59B7-4879-B635-FB661BB4ADB7}"
EndProject
Project("{9A19103F-16F7-4668-BE54-9A1E7A4F7556}") = "UnitTests", "UnitTests\UnitTests.csproj", "{E43C521C-4985-4ECD-942D-479D10E85D51}"
EndProject
Project("{9A19103F-16F7-4668-BE54-9A1E7A4F7556}") = "03_BinarySearchTree", "03_BinarySearchTree\03_BinarySearchTree.csproj", "{81AD7C93-C6B8-4989-9768-DAAAA10571EE}"
EndProject
Project("{2150E333-8FDC-42A3-9474-1A3956D46DE8}") = "01_Skeet", "01_Skeet", "{492CB3ED-938E-41B9-A043-3108B150490F}"
EndProject
Project("{9A19103F-16F7-4668-BE54-9A1E7A4F7556}") = "EmptyConstructor", "EmptyConstructor\EmptyConstructor.csproj", "{C7776B60-89FC-48BD-BD93-B943528A873B}"
EndProject
Project("{9A19103F-16F7-4668-BE54-9A1E7A4F7556}") = "04_GraphUsingAdjacencyMatrix", "04_GraphUsingAdjacencyMatrix\04_GraphUsingAdjacencyMatrix.csproj", "{5EFA1F1F-F93F-4CBE-A97B-B3B908AB1B3C}"
EndProject
Project("{2150E333-8FDC-42A3-9474-1A3956D46DE8}") = "01_ArraysAndStrings", "01_ArraysAndStrings", "{6C2083BB-4A2F-47A5-9A38-F3612DBE4D94}"
EndProject
Project("{9A19103F-16F7-4668-BE54-9A1E7A4F7556}") = "01_IndexMapping_or_TrivialHashing", "01_IndexMapping_or_TrivialHashing\01_IndexMapping_or_TrivialHashing.csproj", "{BC969236-7D96-4D85-9F00-F4B8C2689184}"
EndProject
Project("{2150E333-8FDC-42A3-9474-1A3956D46DE8}") = "06_LearnFromAnyErrors", "06_LearnFromAnyErrors", "{42A82B12-DEE1-4778-B076-ED0ADE71555C}"
EndProject
Project("{9A19103F-16F7-4668-BE54-9A1E7A4F7556}") = "01_BackgroundThread", "01_WstU\01_BackgroundThread.csproj", "{AAE8D8F7-0128-4210-A723-222227FC1FD6}"
EndProject
Project("{9A19103F-16F7-4668-BE54-9A1E7A4F7556}") = "02_Casting", "ObjAsInt\02_Casting.csproj", "{E0DD3042-852E-41BE-ACD5-3AA5B7F3074F}"
EndProject
Project("{9A19103F-16F7-4668-BE54-9A1E7A4F7556}") = "03_OneMethodDifferentReturnTypes", "03_OneMethodDifferentReturnTypes\03_OneMethodDifferentReturnTypes.csproj", "{EF1B6DF5-6AB4-4887-A8A1-208CF030B0A1}"
EndProject
Project("{9A19103F-16F7-4668-BE54-9A1E7A4F7556}") = "04_VirtualAndNew", "04_VirtualAndNew\04_VirtualAndNew.csproj", "{A4887B7C-75D4-4AF6-A93C-FFD3BA2765BB}"
EndProject
Project("{9A19103F-16F7-4668-BE54-9A1E7A4F7556}") = "05_PassTypeAsParameter", "05_PassTypeAsParameter\05_PassTypeAsParameter.csproj", "{13ED8D2E-2580-4187-ADD3-182BFD829D7F}"
EndProject
Project("{9A19103F-16F7-4668-BE54-9A1E7A4F7556}") = "18_BoxingAndUnboxing", "18_BoxingAndUnboxing\18_BoxingAndUnboxing.csproj", "{05E28A92-00A8-4CD9-A1DD-41D45DC22426}"
EndProject
Project("{2150E333-8FDC-42A3-9474-1A3956D46DE8}") = "08_MultiThreading_Q", "08_MultiThreading_Q", "{5853380F-9AFF-4947-B9C9-03382133A39D}"
EndProject
Project("{FAE04EC0-301F-11D3-BF4B-00C04F79EFBC}") = "WaitHandle", "WaitHandle\WaitHandle.csproj", "{F269A9E9-CB74-4D17-B39F-758A6DD62556}"
EndProject
Project("{9A19103F-16F7-4668-BE54-9A1E7A4F7556}") = "SemaphorExample", "SemaphorExample\SemaphorExample.csproj", "{43ED3080-8338-40F6-A8B6-DDAAD64F82DC}"
EndProject
Project("{9A19103F-16F7-4668-BE54-9A1E7A4F7556}") = "06_Urnozo", "06_Urnozo\06_Urnozo.csproj", "{927671E7-74D7-48AB-8D40-BBAD812EE87E}"
EndProject
Project("{2150E333-8FDC-42A3-9474-1A3956D46DE8}") = "07_LinqSamples", "07_LinqSamples", "{B38ED49B-A417-4957-9F73-41214D2B3A4C}"
EndProject
Project("{9A19103F-16F7-4668-BE54-9A1E7A4F7556}") = "01_Samlpe", "01_Sampe\01_Samlpe.csproj", "{3C2EBA7A-D503-4B48-9F81-BD79F1E5A60F}"
EndProject
Project("{9A19103F-16F7-4668-BE54-9A1E7A4F7556}") = "02_JoinSample", "02_JoinSample\02_JoinSample.csproj", "{7EDC7133-82A5-49D4-9731-5407F56100AD}"
EndProject
Project("{9A19103F-16F7-4668-BE54-9A1E7A4F7556}") = "07_StaticConstructor", "07_StaticConstructor\07_StaticConstructor.csproj", "{4CF5D4D3-AE3C-4431-8B12-A48F3E6C383D}"
EndProject
Project("{9A19103F-16F7-4668-BE54-9A1E7A4F7556}") = "08_Finalize", "08_Finalize\08_Finalize.csproj", "{4916316C-C45D-4B15-9A7D-7E26361985A3}"
EndProject
Project("{9A19103F-16F7-4668-BE54-9A1E7A4F7556}") = "09_Dispose", "09_Dispose\09_Dispose.csproj", "{DA3FCFC6-D51B-499F-869C-2617E70D81FB}"
EndProject
Project("{9A19103F-16F7-4668-BE54-9A1E7A4F7556}") = "10_StringImmutable", "10_StringImmutable\10_StringImmutable.csproj", "{982FDCC3-2F56-467B-A60E-F6B33FD17D0B}"
EndProject
Project("{2150E333-8FDC-42A3-9474-1A3956D46DE8}") = "09_ltcd", "09_ltcd", "{75CD9C4B-6A8E-484C-AC7B-9A42C4F6E952}"
EndProject
Project("{9A19103F-16F7-4668-BE54-9A1E7A4F7556}") = "01_SubtreeOfAnotherTree", "01_SubtreeOAnotherTree\01_SubtreeOfAnotherTree.csproj", "{6DCAA240-C84C-4D28-B8ED-A14251355B82}"
EndProject
Project("{2150E333-8FDC-42A3-9474-1A3956D46DE8}") = "10_RandomCSharpQuestions", "10_RandomCSharpQuestions", "{873689EF-26D9-4F99-BC99-A8A0B6433E97}"
EndProject
Project("{9A19103F-16F7-4668-BE54-9A1E7A4F7556}") = "01_StructureAndInterface", "01_StructureAndInterface\01_StructureAndInterface.csproj", "{FFB32A50-15C7-4E8B-AB8F-883D9165E696}"
EndProject
Project("{9A19103F-16F7-4668-BE54-9A1E7A4F7556}") = "02_GenericConstraints", "02_GenericConstraints\02_GenericConstraints.csproj", "{18AD4501-54A1-4994-994F-413FA642B074}"
EndProject
Project("{2150E333-8FDC-42A3-9474-1A3956D46DE8}") = "11_Threading", "11_Threading", "{365658A0-3EF7-4AFD-8ECF-64895C7DCDB1}"
EndProject
Project("{9A19103F-16F7-4668-BE54-9A1E7A4F7556}") = "31_Events", "31_Events\31_Events.csproj", "{C2767E86-29A4-4A2A-9FD4-6FFBE5254BD8}"
EndProject
Project("{9A19103F-16F7-4668-BE54-9A1E7A4F7556}") = "225_ImplementStackCusingQueues", "225_ImplementStackCusingQueues\225_ImplementStackCusingQueues.csproj", "{0D02B28A-9D85-4F6A-B135-6BDB2CDF21A1}"
EndProject
Project("{9A19103F-16F7-4668-BE54-9A1E7A4F7556}") = "485_MaxConsecutiveOnes", "485_MaxConsecutiveOnes\485_MaxConsecutiveOnes.csproj", "{9F95F1BB-762D-4B1E-A6A5-9B6B0A532871}"
EndProject
Project("{9A19103F-16F7-4668-BE54-9A1E7A4F7556}") = "190_ReverseBits", "190_ReverseBits\190_ReverseBits.csproj", "{A83E36D4-C7F4-4E58-B0B1-3CA8EEC1D775}"
EndProject
Project("{9A19103F-16F7-4668-BE54-9A1E7A4F7556}") = "264_UglyNumber-2", "264_UglyNumber-2\264_UglyNumber-2.csproj", "{E7515CB0-8848-4F92-A9C0-82460BF4150A}"
EndProject
Project("{9A19103F-16F7-4668-BE54-9A1E7A4F7556}") = "01_QueueUserWorkItem", "01_QueueUserWorkItem\01_QueueUserWorkItem.csproj", "{3B48DE89-C921-4277-B2B0-103769420063}"
EndProject
Project("{9A19103F-16F7-4668-BE54-9A1E7A4F7556}") = "Tasks", "Tasks\Tasks.csproj", "{14CD7E7C-EF47-46B8-ACF6-0E98DF157B7A}"
EndProject
Project("{9A19103F-16F7-4668-BE54-9A1E7A4F7556}") = "TaskFactories", "TaskFactories\TaskFactories.csproj", "{76F7315C-AB38-4A9F-B193-927CB3DBB007}"
EndProject
Project("{FAE04EC0-301F-11D3-BF4B-00C04F79EFBC}") = "MyMethodAsyncDemo", "MyMethodAsyncDemo\MyMethodAsyncDemo.csproj", "{96A5459F-55DC-4FD8-B9CE-AC590D7FBD71}"
EndProject
Global
	GlobalSection(SolutionConfigurationPlatforms) = preSolution
		Debug|Any CPU = Debug|Any CPU
		Release|Any CPU = Release|Any CPU
	EndGlobalSection
	GlobalSection(ProjectConfigurationPlatforms) = postSolution
		{2D4E8C60-39BC-485C-9AF5-400B36296BF4}.Debug|Any CPU.ActiveCfg = Debug|Any CPU
		{2D4E8C60-39BC-485C-9AF5-400B36296BF4}.Debug|Any CPU.Build.0 = Debug|Any CPU
		{2D4E8C60-39BC-485C-9AF5-400B36296BF4}.Release|Any CPU.ActiveCfg = Release|Any CPU
		{2D4E8C60-39BC-485C-9AF5-400B36296BF4}.Release|Any CPU.Build.0 = Release|Any CPU
		{58B4A3E7-5EED-40AC-8D7C-FCE87180FAE8}.Debug|Any CPU.ActiveCfg = Debug|Any CPU
		{58B4A3E7-5EED-40AC-8D7C-FCE87180FAE8}.Debug|Any CPU.Build.0 = Debug|Any CPU
		{58B4A3E7-5EED-40AC-8D7C-FCE87180FAE8}.Release|Any CPU.ActiveCfg = Release|Any CPU
		{58B4A3E7-5EED-40AC-8D7C-FCE87180FAE8}.Release|Any CPU.Build.0 = Release|Any CPU
		{1DE3E49C-6A1B-47AE-9ECF-2516645840AC}.Debug|Any CPU.ActiveCfg = Debug|Any CPU
		{1DE3E49C-6A1B-47AE-9ECF-2516645840AC}.Debug|Any CPU.Build.0 = Debug|Any CPU
		{1DE3E49C-6A1B-47AE-9ECF-2516645840AC}.Release|Any CPU.ActiveCfg = Release|Any CPU
		{1DE3E49C-6A1B-47AE-9ECF-2516645840AC}.Release|Any CPU.Build.0 = Release|Any CPU
		{D9712E3A-7150-47B1-BAA0-D2A7887DEFDC}.Debug|Any CPU.ActiveCfg = Debug|Any CPU
		{D9712E3A-7150-47B1-BAA0-D2A7887DEFDC}.Debug|Any CPU.Build.0 = Debug|Any CPU
		{D9712E3A-7150-47B1-BAA0-D2A7887DEFDC}.Release|Any CPU.ActiveCfg = Release|Any CPU
		{D9712E3A-7150-47B1-BAA0-D2A7887DEFDC}.Release|Any CPU.Build.0 = Release|Any CPU
		{EC1362FC-EB7E-4AE8-A908-CD5E9DB9F71A}.Debug|Any CPU.ActiveCfg = Debug|Any CPU
		{EC1362FC-EB7E-4AE8-A908-CD5E9DB9F71A}.Debug|Any CPU.Build.0 = Debug|Any CPU
		{EC1362FC-EB7E-4AE8-A908-CD5E9DB9F71A}.Release|Any CPU.ActiveCfg = Release|Any CPU
		{EC1362FC-EB7E-4AE8-A908-CD5E9DB9F71A}.Release|Any CPU.Build.0 = Release|Any CPU
		{19E403DC-8F64-49D3-BBD0-6FEE73C2CE3A}.Debug|Any CPU.ActiveCfg = Debug|Any CPU
		{19E403DC-8F64-49D3-BBD0-6FEE73C2CE3A}.Debug|Any CPU.Build.0 = Debug|Any CPU
		{19E403DC-8F64-49D3-BBD0-6FEE73C2CE3A}.Release|Any CPU.ActiveCfg = Release|Any CPU
		{19E403DC-8F64-49D3-BBD0-6FEE73C2CE3A}.Release|Any CPU.Build.0 = Release|Any CPU
		{911DA695-DCE9-4119-BD52-F78D02085538}.Debug|Any CPU.ActiveCfg = Debug|Any CPU
		{911DA695-DCE9-4119-BD52-F78D02085538}.Debug|Any CPU.Build.0 = Debug|Any CPU
		{911DA695-DCE9-4119-BD52-F78D02085538}.Release|Any CPU.ActiveCfg = Release|Any CPU
		{911DA695-DCE9-4119-BD52-F78D02085538}.Release|Any CPU.Build.0 = Release|Any CPU
		{7E886AB6-A7C7-4503-9B97-4E0CCFBE8E0F}.Debug|Any CPU.ActiveCfg = Debug|Any CPU
		{7E886AB6-A7C7-4503-9B97-4E0CCFBE8E0F}.Debug|Any CPU.Build.0 = Debug|Any CPU
		{7E886AB6-A7C7-4503-9B97-4E0CCFBE8E0F}.Release|Any CPU.ActiveCfg = Release|Any CPU
		{7E886AB6-A7C7-4503-9B97-4E0CCFBE8E0F}.Release|Any CPU.Build.0 = Release|Any CPU
		{B345A0DE-86B5-4C00-87F7-0CBD09BAAD12}.Debug|Any CPU.ActiveCfg = Debug|Any CPU
		{B345A0DE-86B5-4C00-87F7-0CBD09BAAD12}.Debug|Any CPU.Build.0 = Debug|Any CPU
		{B345A0DE-86B5-4C00-87F7-0CBD09BAAD12}.Release|Any CPU.ActiveCfg = Release|Any CPU
		{B345A0DE-86B5-4C00-87F7-0CBD09BAAD12}.Release|Any CPU.Build.0 = Release|Any CPU
		{67EBE2E4-25AC-454B-A171-6601B51A1289}.Debug|Any CPU.ActiveCfg = Debug|Any CPU
		{67EBE2E4-25AC-454B-A171-6601B51A1289}.Debug|Any CPU.Build.0 = Debug|Any CPU
		{67EBE2E4-25AC-454B-A171-6601B51A1289}.Release|Any CPU.ActiveCfg = Release|Any CPU
		{67EBE2E4-25AC-454B-A171-6601B51A1289}.Release|Any CPU.Build.0 = Release|Any CPU
		{F7AC9FDB-5FEE-41A9-AD64-872CF22DBBE0}.Debug|Any CPU.ActiveCfg = Debug|Any CPU
		{F7AC9FDB-5FEE-41A9-AD64-872CF22DBBE0}.Debug|Any CPU.Build.0 = Debug|Any CPU
		{F7AC9FDB-5FEE-41A9-AD64-872CF22DBBE0}.Release|Any CPU.ActiveCfg = Release|Any CPU
		{F7AC9FDB-5FEE-41A9-AD64-872CF22DBBE0}.Release|Any CPU.Build.0 = Release|Any CPU
		{8682D239-CC4F-448B-9700-41A98D31A966}.Debug|Any CPU.ActiveCfg = Debug|Any CPU
		{8682D239-CC4F-448B-9700-41A98D31A966}.Debug|Any CPU.Build.0 = Debug|Any CPU
		{8682D239-CC4F-448B-9700-41A98D31A966}.Release|Any CPU.ActiveCfg = Release|Any CPU
		{8682D239-CC4F-448B-9700-41A98D31A966}.Release|Any CPU.Build.0 = Release|Any CPU
		{232FBCE6-D6C7-4F41-8F16-941523E983FC}.Debug|Any CPU.ActiveCfg = Debug|Any CPU
		{232FBCE6-D6C7-4F41-8F16-941523E983FC}.Debug|Any CPU.Build.0 = Debug|Any CPU
		{232FBCE6-D6C7-4F41-8F16-941523E983FC}.Release|Any CPU.ActiveCfg = Release|Any CPU
		{232FBCE6-D6C7-4F41-8F16-941523E983FC}.Release|Any CPU.Build.0 = Release|Any CPU
		{E13C5F36-CEE5-495C-8BB6-F2C6F7F59A0B}.Debug|Any CPU.ActiveCfg = Debug|Any CPU
		{E13C5F36-CEE5-495C-8BB6-F2C6F7F59A0B}.Debug|Any CPU.Build.0 = Debug|Any CPU
		{E13C5F36-CEE5-495C-8BB6-F2C6F7F59A0B}.Release|Any CPU.ActiveCfg = Release|Any CPU
		{E13C5F36-CEE5-495C-8BB6-F2C6F7F59A0B}.Release|Any CPU.Build.0 = Release|Any CPU
		{D6A218C0-5DA0-4EDC-89DE-A1231272B915}.Debug|Any CPU.ActiveCfg = Debug|Any CPU
		{D6A218C0-5DA0-4EDC-89DE-A1231272B915}.Debug|Any CPU.Build.0 = Debug|Any CPU
		{D6A218C0-5DA0-4EDC-89DE-A1231272B915}.Release|Any CPU.ActiveCfg = Release|Any CPU
		{D6A218C0-5DA0-4EDC-89DE-A1231272B915}.Release|Any CPU.Build.0 = Release|Any CPU
		{5F0A4B14-33AF-44B3-9431-2C82C6C76840}.Debug|Any CPU.ActiveCfg = Debug|Any CPU
		{5F0A4B14-33AF-44B3-9431-2C82C6C76840}.Debug|Any CPU.Build.0 = Debug|Any CPU
		{5F0A4B14-33AF-44B3-9431-2C82C6C76840}.Release|Any CPU.ActiveCfg = Release|Any CPU
		{5F0A4B14-33AF-44B3-9431-2C82C6C76840}.Release|Any CPU.Build.0 = Release|Any CPU
		{EB9FCDCC-F56A-4873-BC97-F43DAD31B56E}.Debug|Any CPU.ActiveCfg = Debug|Any CPU
		{EB9FCDCC-F56A-4873-BC97-F43DAD31B56E}.Debug|Any CPU.Build.0 = Debug|Any CPU
		{EB9FCDCC-F56A-4873-BC97-F43DAD31B56E}.Release|Any CPU.ActiveCfg = Release|Any CPU
		{EB9FCDCC-F56A-4873-BC97-F43DAD31B56E}.Release|Any CPU.Build.0 = Release|Any CPU
		{A46BA66D-1EF3-4C52-9CEE-2A096ACD9F98}.Debug|Any CPU.ActiveCfg = Debug|Any CPU
		{A46BA66D-1EF3-4C52-9CEE-2A096ACD9F98}.Debug|Any CPU.Build.0 = Debug|Any CPU
		{A46BA66D-1EF3-4C52-9CEE-2A096ACD9F98}.Release|Any CPU.ActiveCfg = Release|Any CPU
		{A46BA66D-1EF3-4C52-9CEE-2A096ACD9F98}.Release|Any CPU.Build.0 = Release|Any CPU
		{82239206-477C-403D-B5FD-FE1AA809BCE4}.Debug|Any CPU.ActiveCfg = Debug|Any CPU
		{82239206-477C-403D-B5FD-FE1AA809BCE4}.Debug|Any CPU.Build.0 = Debug|Any CPU
		{82239206-477C-403D-B5FD-FE1AA809BCE4}.Release|Any CPU.ActiveCfg = Release|Any CPU
		{82239206-477C-403D-B5FD-FE1AA809BCE4}.Release|Any CPU.Build.0 = Release|Any CPU
		{C0C67AD0-806D-4790-82FF-E14430556E84}.Debug|Any CPU.ActiveCfg = Debug|Any CPU
		{C0C67AD0-806D-4790-82FF-E14430556E84}.Debug|Any CPU.Build.0 = Debug|Any CPU
		{C0C67AD0-806D-4790-82FF-E14430556E84}.Release|Any CPU.ActiveCfg = Release|Any CPU
		{C0C67AD0-806D-4790-82FF-E14430556E84}.Release|Any CPU.Build.0 = Release|Any CPU
		{719196EB-F5EF-4C48-AA20-FF0E8F635969}.Debug|Any CPU.ActiveCfg = Debug|Any CPU
		{719196EB-F5EF-4C48-AA20-FF0E8F635969}.Debug|Any CPU.Build.0 = Debug|Any CPU
		{719196EB-F5EF-4C48-AA20-FF0E8F635969}.Release|Any CPU.ActiveCfg = Release|Any CPU
		{719196EB-F5EF-4C48-AA20-FF0E8F635969}.Release|Any CPU.Build.0 = Release|Any CPU
		{44723412-705A-4E69-81B9-9D13D491FBD0}.Debug|Any CPU.ActiveCfg = Debug|Any CPU
		{44723412-705A-4E69-81B9-9D13D491FBD0}.Debug|Any CPU.Build.0 = Debug|Any CPU
		{44723412-705A-4E69-81B9-9D13D491FBD0}.Release|Any CPU.ActiveCfg = Release|Any CPU
		{44723412-705A-4E69-81B9-9D13D491FBD0}.Release|Any CPU.Build.0 = Release|Any CPU
		{CFA46181-F818-48D9-8F5B-DD44026EAF7B}.Debug|Any CPU.ActiveCfg = Debug|Any CPU
		{CFA46181-F818-48D9-8F5B-DD44026EAF7B}.Debug|Any CPU.Build.0 = Debug|Any CPU
		{CFA46181-F818-48D9-8F5B-DD44026EAF7B}.Release|Any CPU.ActiveCfg = Release|Any CPU
		{CFA46181-F818-48D9-8F5B-DD44026EAF7B}.Release|Any CPU.Build.0 = Release|Any CPU
		{1043BF8A-D82B-4FB5-8403-E6A00853C6B5}.Debug|Any CPU.ActiveCfg = Debug|Any CPU
		{1043BF8A-D82B-4FB5-8403-E6A00853C6B5}.Debug|Any CPU.Build.0 = Debug|Any CPU
		{1043BF8A-D82B-4FB5-8403-E6A00853C6B5}.Release|Any CPU.ActiveCfg = Release|Any CPU
		{1043BF8A-D82B-4FB5-8403-E6A00853C6B5}.Release|Any CPU.Build.0 = Release|Any CPU
		{703F4ABA-8D5C-44D4-B008-19DD936A225C}.Debug|Any CPU.ActiveCfg = Debug|Any CPU
		{703F4ABA-8D5C-44D4-B008-19DD936A225C}.Debug|Any CPU.Build.0 = Debug|Any CPU
		{703F4ABA-8D5C-44D4-B008-19DD936A225C}.Release|Any CPU.ActiveCfg = Release|Any CPU
		{703F4ABA-8D5C-44D4-B008-19DD936A225C}.Release|Any CPU.Build.0 = Release|Any CPU
		{464C3B17-0473-47CD-A8F5-74A92706BF04}.Debug|Any CPU.ActiveCfg = Debug|Any CPU
		{464C3B17-0473-47CD-A8F5-74A92706BF04}.Debug|Any CPU.Build.0 = Debug|Any CPU
		{464C3B17-0473-47CD-A8F5-74A92706BF04}.Release|Any CPU.ActiveCfg = Release|Any CPU
		{464C3B17-0473-47CD-A8F5-74A92706BF04}.Release|Any CPU.Build.0 = Release|Any CPU
		{47C92868-A41A-40FD-99E0-1857AECA0A8D}.Debug|Any CPU.ActiveCfg = Debug|Any CPU
		{47C92868-A41A-40FD-99E0-1857AECA0A8D}.Debug|Any CPU.Build.0 = Debug|Any CPU
		{47C92868-A41A-40FD-99E0-1857AECA0A8D}.Release|Any CPU.ActiveCfg = Release|Any CPU
		{47C92868-A41A-40FD-99E0-1857AECA0A8D}.Release|Any CPU.Build.0 = Release|Any CPU
		{D8F4F9E9-637B-43ED-9A68-9F7E6EB0B170}.Debug|Any CPU.ActiveCfg = Debug|Any CPU
		{D8F4F9E9-637B-43ED-9A68-9F7E6EB0B170}.Debug|Any CPU.Build.0 = Debug|Any CPU
		{D8F4F9E9-637B-43ED-9A68-9F7E6EB0B170}.Release|Any CPU.ActiveCfg = Release|Any CPU
		{D8F4F9E9-637B-43ED-9A68-9F7E6EB0B170}.Release|Any CPU.Build.0 = Release|Any CPU
		{2E3A7B57-3EF6-429D-AA9D-9AF7551230E3}.Debug|Any CPU.ActiveCfg = Debug|Any CPU
		{2E3A7B57-3EF6-429D-AA9D-9AF7551230E3}.Debug|Any CPU.Build.0 = Debug|Any CPU
		{2E3A7B57-3EF6-429D-AA9D-9AF7551230E3}.Release|Any CPU.ActiveCfg = Release|Any CPU
		{2E3A7B57-3EF6-429D-AA9D-9AF7551230E3}.Release|Any CPU.Build.0 = Release|Any CPU
		{4F4E1C9B-C727-4E1F-8618-E204FE1E246A}.Debug|Any CPU.ActiveCfg = Debug|Any CPU
		{4F4E1C9B-C727-4E1F-8618-E204FE1E246A}.Debug|Any CPU.Build.0 = Debug|Any CPU
		{4F4E1C9B-C727-4E1F-8618-E204FE1E246A}.Release|Any CPU.ActiveCfg = Release|Any CPU
		{4F4E1C9B-C727-4E1F-8618-E204FE1E246A}.Release|Any CPU.Build.0 = Release|Any CPU
		{7D757C6D-93B4-4D23-9998-9764A46EC953}.Debug|Any CPU.ActiveCfg = Debug|Any CPU
		{7D757C6D-93B4-4D23-9998-9764A46EC953}.Debug|Any CPU.Build.0 = Debug|Any CPU
		{7D757C6D-93B4-4D23-9998-9764A46EC953}.Release|Any CPU.ActiveCfg = Release|Any CPU
		{7D757C6D-93B4-4D23-9998-9764A46EC953}.Release|Any CPU.Build.0 = Release|Any CPU
		{AD7822E6-B8B0-42D4-AA20-B17544A78C8E}.Debug|Any CPU.ActiveCfg = Debug|Any CPU
		{AD7822E6-B8B0-42D4-AA20-B17544A78C8E}.Debug|Any CPU.Build.0 = Debug|Any CPU
		{AD7822E6-B8B0-42D4-AA20-B17544A78C8E}.Release|Any CPU.ActiveCfg = Release|Any CPU
		{AD7822E6-B8B0-42D4-AA20-B17544A78C8E}.Release|Any CPU.Build.0 = Release|Any CPU
		{B676C45F-C527-44DF-9D15-888EDE55A3E5}.Debug|Any CPU.ActiveCfg = Debug|Any CPU
		{B676C45F-C527-44DF-9D15-888EDE55A3E5}.Debug|Any CPU.Build.0 = Debug|Any CPU
		{B676C45F-C527-44DF-9D15-888EDE55A3E5}.Release|Any CPU.ActiveCfg = Release|Any CPU
		{B676C45F-C527-44DF-9D15-888EDE55A3E5}.Release|Any CPU.Build.0 = Release|Any CPU
		{8487C1E2-9085-4EF0-97F2-AE41EB607121}.Debug|Any CPU.ActiveCfg = Debug|Any CPU
		{8487C1E2-9085-4EF0-97F2-AE41EB607121}.Debug|Any CPU.Build.0 = Debug|Any CPU
		{8487C1E2-9085-4EF0-97F2-AE41EB607121}.Release|Any CPU.ActiveCfg = Release|Any CPU
		{8487C1E2-9085-4EF0-97F2-AE41EB607121}.Release|Any CPU.Build.0 = Release|Any CPU
		{C92BABEC-2AC1-4569-A6E0-A3A8B0D34CBE}.Debug|Any CPU.ActiveCfg = Debug|Any CPU
		{C92BABEC-2AC1-4569-A6E0-A3A8B0D34CBE}.Debug|Any CPU.Build.0 = Debug|Any CPU
		{C92BABEC-2AC1-4569-A6E0-A3A8B0D34CBE}.Release|Any CPU.ActiveCfg = Release|Any CPU
		{C92BABEC-2AC1-4569-A6E0-A3A8B0D34CBE}.Release|Any CPU.Build.0 = Release|Any CPU
		{A78BA934-3757-4FA3-8CC8-649B9E8B5EE1}.Debug|Any CPU.ActiveCfg = Debug|Any CPU
		{A78BA934-3757-4FA3-8CC8-649B9E8B5EE1}.Debug|Any CPU.Build.0 = Debug|Any CPU
		{A78BA934-3757-4FA3-8CC8-649B9E8B5EE1}.Release|Any CPU.ActiveCfg = Release|Any CPU
		{A78BA934-3757-4FA3-8CC8-649B9E8B5EE1}.Release|Any CPU.Build.0 = Release|Any CPU
		{7CB6526B-B3BA-4E72-8A4A-342D5DDBA265}.Debug|Any CPU.ActiveCfg = Debug|Any CPU
		{7CB6526B-B3BA-4E72-8A4A-342D5DDBA265}.Debug|Any CPU.Build.0 = Debug|Any CPU
		{7CB6526B-B3BA-4E72-8A4A-342D5DDBA265}.Release|Any CPU.ActiveCfg = Release|Any CPU
		{7CB6526B-B3BA-4E72-8A4A-342D5DDBA265}.Release|Any CPU.Build.0 = Release|Any CPU
		{CDC3D030-59B7-4879-B635-FB661BB4ADB7}.Debug|Any CPU.ActiveCfg = Debug|Any CPU
		{CDC3D030-59B7-4879-B635-FB661BB4ADB7}.Debug|Any CPU.Build.0 = Debug|Any CPU
		{CDC3D030-59B7-4879-B635-FB661BB4ADB7}.Release|Any CPU.ActiveCfg = Release|Any CPU
		{CDC3D030-59B7-4879-B635-FB661BB4ADB7}.Release|Any CPU.Build.0 = Release|Any CPU
		{E43C521C-4985-4ECD-942D-479D10E85D51}.Debug|Any CPU.ActiveCfg = Debug|Any CPU
		{E43C521C-4985-4ECD-942D-479D10E85D51}.Debug|Any CPU.Build.0 = Debug|Any CPU
		{E43C521C-4985-4ECD-942D-479D10E85D51}.Release|Any CPU.ActiveCfg = Release|Any CPU
		{E43C521C-4985-4ECD-942D-479D10E85D51}.Release|Any CPU.Build.0 = Release|Any CPU
		{81AD7C93-C6B8-4989-9768-DAAAA10571EE}.Debug|Any CPU.ActiveCfg = Debug|Any CPU
		{81AD7C93-C6B8-4989-9768-DAAAA10571EE}.Debug|Any CPU.Build.0 = Debug|Any CPU
		{81AD7C93-C6B8-4989-9768-DAAAA10571EE}.Release|Any CPU.ActiveCfg = Release|Any CPU
		{81AD7C93-C6B8-4989-9768-DAAAA10571EE}.Release|Any CPU.Build.0 = Release|Any CPU
		{C7776B60-89FC-48BD-BD93-B943528A873B}.Debug|Any CPU.ActiveCfg = Debug|Any CPU
		{C7776B60-89FC-48BD-BD93-B943528A873B}.Debug|Any CPU.Build.0 = Debug|Any CPU
		{C7776B60-89FC-48BD-BD93-B943528A873B}.Release|Any CPU.ActiveCfg = Release|Any CPU
		{C7776B60-89FC-48BD-BD93-B943528A873B}.Release|Any CPU.Build.0 = Release|Any CPU
		{5EFA1F1F-F93F-4CBE-A97B-B3B908AB1B3C}.Debug|Any CPU.ActiveCfg = Debug|Any CPU
		{5EFA1F1F-F93F-4CBE-A97B-B3B908AB1B3C}.Debug|Any CPU.Build.0 = Debug|Any CPU
		{5EFA1F1F-F93F-4CBE-A97B-B3B908AB1B3C}.Release|Any CPU.ActiveCfg = Release|Any CPU
		{5EFA1F1F-F93F-4CBE-A97B-B3B908AB1B3C}.Release|Any CPU.Build.0 = Release|Any CPU
		{BC969236-7D96-4D85-9F00-F4B8C2689184}.Debug|Any CPU.ActiveCfg = Debug|Any CPU
		{BC969236-7D96-4D85-9F00-F4B8C2689184}.Debug|Any CPU.Build.0 = Debug|Any CPU
		{BC969236-7D96-4D85-9F00-F4B8C2689184}.Release|Any CPU.ActiveCfg = Release|Any CPU
		{BC969236-7D96-4D85-9F00-F4B8C2689184}.Release|Any CPU.Build.0 = Release|Any CPU
		{AAE8D8F7-0128-4210-A723-222227FC1FD6}.Debug|Any CPU.ActiveCfg = Debug|Any CPU
		{AAE8D8F7-0128-4210-A723-222227FC1FD6}.Debug|Any CPU.Build.0 = Debug|Any CPU
		{AAE8D8F7-0128-4210-A723-222227FC1FD6}.Release|Any CPU.ActiveCfg = Release|Any CPU
		{AAE8D8F7-0128-4210-A723-222227FC1FD6}.Release|Any CPU.Build.0 = Release|Any CPU
		{E0DD3042-852E-41BE-ACD5-3AA5B7F3074F}.Debug|Any CPU.ActiveCfg = Debug|Any CPU
		{E0DD3042-852E-41BE-ACD5-3AA5B7F3074F}.Debug|Any CPU.Build.0 = Debug|Any CPU
		{E0DD3042-852E-41BE-ACD5-3AA5B7F3074F}.Release|Any CPU.ActiveCfg = Release|Any CPU
		{E0DD3042-852E-41BE-ACD5-3AA5B7F3074F}.Release|Any CPU.Build.0 = Release|Any CPU
		{EF1B6DF5-6AB4-4887-A8A1-208CF030B0A1}.Debug|Any CPU.ActiveCfg = Debug|Any CPU
		{EF1B6DF5-6AB4-4887-A8A1-208CF030B0A1}.Debug|Any CPU.Build.0 = Debug|Any CPU
		{EF1B6DF5-6AB4-4887-A8A1-208CF030B0A1}.Release|Any CPU.ActiveCfg = Release|Any CPU
		{EF1B6DF5-6AB4-4887-A8A1-208CF030B0A1}.Release|Any CPU.Build.0 = Release|Any CPU
		{A4887B7C-75D4-4AF6-A93C-FFD3BA2765BB}.Debug|Any CPU.ActiveCfg = Debug|Any CPU
		{A4887B7C-75D4-4AF6-A93C-FFD3BA2765BB}.Debug|Any CPU.Build.0 = Debug|Any CPU
		{A4887B7C-75D4-4AF6-A93C-FFD3BA2765BB}.Release|Any CPU.ActiveCfg = Release|Any CPU
		{A4887B7C-75D4-4AF6-A93C-FFD3BA2765BB}.Release|Any CPU.Build.0 = Release|Any CPU
		{13ED8D2E-2580-4187-ADD3-182BFD829D7F}.Debug|Any CPU.ActiveCfg = Debug|Any CPU
		{13ED8D2E-2580-4187-ADD3-182BFD829D7F}.Debug|Any CPU.Build.0 = Debug|Any CPU
		{13ED8D2E-2580-4187-ADD3-182BFD829D7F}.Release|Any CPU.ActiveCfg = Release|Any CPU
		{13ED8D2E-2580-4187-ADD3-182BFD829D7F}.Release|Any CPU.Build.0 = Release|Any CPU
		{05E28A92-00A8-4CD9-A1DD-41D45DC22426}.Debug|Any CPU.ActiveCfg = Debug|Any CPU
		{05E28A92-00A8-4CD9-A1DD-41D45DC22426}.Debug|Any CPU.Build.0 = Debug|Any CPU
		{05E28A92-00A8-4CD9-A1DD-41D45DC22426}.Release|Any CPU.ActiveCfg = Release|Any CPU
		{05E28A92-00A8-4CD9-A1DD-41D45DC22426}.Release|Any CPU.Build.0 = Release|Any CPU
		{F269A9E9-CB74-4D17-B39F-758A6DD62556}.Debug|Any CPU.ActiveCfg = Debug|Any CPU
		{F269A9E9-CB74-4D17-B39F-758A6DD62556}.Debug|Any CPU.Build.0 = Debug|Any CPU
		{F269A9E9-CB74-4D17-B39F-758A6DD62556}.Release|Any CPU.ActiveCfg = Release|Any CPU
		{F269A9E9-CB74-4D17-B39F-758A6DD62556}.Release|Any CPU.Build.0 = Release|Any CPU
		{43ED3080-8338-40F6-A8B6-DDAAD64F82DC}.Debug|Any CPU.ActiveCfg = Debug|Any CPU
		{43ED3080-8338-40F6-A8B6-DDAAD64F82DC}.Debug|Any CPU.Build.0 = Debug|Any CPU
		{43ED3080-8338-40F6-A8B6-DDAAD64F82DC}.Release|Any CPU.ActiveCfg = Release|Any CPU
		{43ED3080-8338-40F6-A8B6-DDAAD64F82DC}.Release|Any CPU.Build.0 = Release|Any CPU
		{927671E7-74D7-48AB-8D40-BBAD812EE87E}.Debug|Any CPU.ActiveCfg = Debug|Any CPU
		{927671E7-74D7-48AB-8D40-BBAD812EE87E}.Debug|Any CPU.Build.0 = Debug|Any CPU
		{927671E7-74D7-48AB-8D40-BBAD812EE87E}.Release|Any CPU.ActiveCfg = Release|Any CPU
		{927671E7-74D7-48AB-8D40-BBAD812EE87E}.Release|Any CPU.Build.0 = Release|Any CPU
		{3C2EBA7A-D503-4B48-9F81-BD79F1E5A60F}.Debug|Any CPU.ActiveCfg = Debug|Any CPU
		{3C2EBA7A-D503-4B48-9F81-BD79F1E5A60F}.Debug|Any CPU.Build.0 = Debug|Any CPU
		{3C2EBA7A-D503-4B48-9F81-BD79F1E5A60F}.Release|Any CPU.ActiveCfg = Release|Any CPU
		{3C2EBA7A-D503-4B48-9F81-BD79F1E5A60F}.Release|Any CPU.Build.0 = Release|Any CPU
		{7EDC7133-82A5-49D4-9731-5407F56100AD}.Debug|Any CPU.ActiveCfg = Debug|Any CPU
		{7EDC7133-82A5-49D4-9731-5407F56100AD}.Debug|Any CPU.Build.0 = Debug|Any CPU
		{7EDC7133-82A5-49D4-9731-5407F56100AD}.Release|Any CPU.ActiveCfg = Release|Any CPU
		{7EDC7133-82A5-49D4-9731-5407F56100AD}.Release|Any CPU.Build.0 = Release|Any CPU
		{4CF5D4D3-AE3C-4431-8B12-A48F3E6C383D}.Debug|Any CPU.ActiveCfg = Debug|Any CPU
		{4CF5D4D3-AE3C-4431-8B12-A48F3E6C383D}.Debug|Any CPU.Build.0 = Debug|Any CPU
		{4CF5D4D3-AE3C-4431-8B12-A48F3E6C383D}.Release|Any CPU.ActiveCfg = Release|Any CPU
		{4CF5D4D3-AE3C-4431-8B12-A48F3E6C383D}.Release|Any CPU.Build.0 = Release|Any CPU
		{4916316C-C45D-4B15-9A7D-7E26361985A3}.Debug|Any CPU.ActiveCfg = Debug|Any CPU
		{4916316C-C45D-4B15-9A7D-7E26361985A3}.Debug|Any CPU.Build.0 = Debug|Any CPU
		{4916316C-C45D-4B15-9A7D-7E26361985A3}.Release|Any CPU.ActiveCfg = Release|Any CPU
		{4916316C-C45D-4B15-9A7D-7E26361985A3}.Release|Any CPU.Build.0 = Release|Any CPU
		{DA3FCFC6-D51B-499F-869C-2617E70D81FB}.Debug|Any CPU.ActiveCfg = Debug|Any CPU
		{DA3FCFC6-D51B-499F-869C-2617E70D81FB}.Debug|Any CPU.Build.0 = Debug|Any CPU
		{DA3FCFC6-D51B-499F-869C-2617E70D81FB}.Release|Any CPU.ActiveCfg = Release|Any CPU
		{DA3FCFC6-D51B-499F-869C-2617E70D81FB}.Release|Any CPU.Build.0 = Release|Any CPU
		{982FDCC3-2F56-467B-A60E-F6B33FD17D0B}.Debug|Any CPU.ActiveCfg = Debug|Any CPU
		{982FDCC3-2F56-467B-A60E-F6B33FD17D0B}.Debug|Any CPU.Build.0 = Debug|Any CPU
		{982FDCC3-2F56-467B-A60E-F6B33FD17D0B}.Release|Any CPU.ActiveCfg = Release|Any CPU
		{982FDCC3-2F56-467B-A60E-F6B33FD17D0B}.Release|Any CPU.Build.0 = Release|Any CPU
		{6DCAA240-C84C-4D28-B8ED-A14251355B82}.Debug|Any CPU.ActiveCfg = Debug|Any CPU
		{6DCAA240-C84C-4D28-B8ED-A14251355B82}.Debug|Any CPU.Build.0 = Debug|Any CPU
		{6DCAA240-C84C-4D28-B8ED-A14251355B82}.Release|Any CPU.ActiveCfg = Release|Any CPU
		{6DCAA240-C84C-4D28-B8ED-A14251355B82}.Release|Any CPU.Build.0 = Release|Any CPU
		{FFB32A50-15C7-4E8B-AB8F-883D9165E696}.Debug|Any CPU.ActiveCfg = Debug|Any CPU
		{FFB32A50-15C7-4E8B-AB8F-883D9165E696}.Debug|Any CPU.Build.0 = Debug|Any CPU
		{FFB32A50-15C7-4E8B-AB8F-883D9165E696}.Release|Any CPU.ActiveCfg = Release|Any CPU
		{FFB32A50-15C7-4E8B-AB8F-883D9165E696}.Release|Any CPU.Build.0 = Release|Any CPU
		{18AD4501-54A1-4994-994F-413FA642B074}.Debug|Any CPU.ActiveCfg = Debug|Any CPU
		{18AD4501-54A1-4994-994F-413FA642B074}.Debug|Any CPU.Build.0 = Debug|Any CPU
		{18AD4501-54A1-4994-994F-413FA642B074}.Release|Any CPU.ActiveCfg = Release|Any CPU
		{18AD4501-54A1-4994-994F-413FA642B074}.Release|Any CPU.Build.0 = Release|Any CPU
		{C2767E86-29A4-4A2A-9FD4-6FFBE5254BD8}.Debug|Any CPU.ActiveCfg = Debug|Any CPU
		{C2767E86-29A4-4A2A-9FD4-6FFBE5254BD8}.Debug|Any CPU.Build.0 = Debug|Any CPU
		{C2767E86-29A4-4A2A-9FD4-6FFBE5254BD8}.Release|Any CPU.ActiveCfg = Release|Any CPU
		{C2767E86-29A4-4A2A-9FD4-6FFBE5254BD8}.Release|Any CPU.Build.0 = Release|Any CPU
		{0D02B28A-9D85-4F6A-B135-6BDB2CDF21A1}.Debug|Any CPU.ActiveCfg = Debug|Any CPU
		{0D02B28A-9D85-4F6A-B135-6BDB2CDF21A1}.Debug|Any CPU.Build.0 = Debug|Any CPU
		{0D02B28A-9D85-4F6A-B135-6BDB2CDF21A1}.Release|Any CPU.ActiveCfg = Release|Any CPU
		{0D02B28A-9D85-4F6A-B135-6BDB2CDF21A1}.Release|Any CPU.Build.0 = Release|Any CPU
		{9F95F1BB-762D-4B1E-A6A5-9B6B0A532871}.Debug|Any CPU.ActiveCfg = Debug|Any CPU
		{9F95F1BB-762D-4B1E-A6A5-9B6B0A532871}.Debug|Any CPU.Build.0 = Debug|Any CPU
		{9F95F1BB-762D-4B1E-A6A5-9B6B0A532871}.Release|Any CPU.ActiveCfg = Release|Any CPU
		{9F95F1BB-762D-4B1E-A6A5-9B6B0A532871}.Release|Any CPU.Build.0 = Release|Any CPU
		{A83E36D4-C7F4-4E58-B0B1-3CA8EEC1D775}.Debug|Any CPU.ActiveCfg = Debug|Any CPU
		{A83E36D4-C7F4-4E58-B0B1-3CA8EEC1D775}.Debug|Any CPU.Build.0 = Debug|Any CPU
		{A83E36D4-C7F4-4E58-B0B1-3CA8EEC1D775}.Release|Any CPU.ActiveCfg = Release|Any CPU
		{A83E36D4-C7F4-4E58-B0B1-3CA8EEC1D775}.Release|Any CPU.Build.0 = Release|Any CPU
		{E7515CB0-8848-4F92-A9C0-82460BF4150A}.Debug|Any CPU.ActiveCfg = Debug|Any CPU
		{E7515CB0-8848-4F92-A9C0-82460BF4150A}.Debug|Any CPU.Build.0 = Debug|Any CPU
		{E7515CB0-8848-4F92-A9C0-82460BF4150A}.Release|Any CPU.ActiveCfg = Release|Any CPU
		{E7515CB0-8848-4F92-A9C0-82460BF4150A}.Release|Any CPU.Build.0 = Release|Any CPU
		{3B48DE89-C921-4277-B2B0-103769420063}.Debug|Any CPU.ActiveCfg = Debug|Any CPU
		{3B48DE89-C921-4277-B2B0-103769420063}.Debug|Any CPU.Build.0 = Debug|Any CPU
		{3B48DE89-C921-4277-B2B0-103769420063}.Release|Any CPU.ActiveCfg = Release|Any CPU
		{3B48DE89-C921-4277-B2B0-103769420063}.Release|Any CPU.Build.0 = Release|Any CPU
		{14CD7E7C-EF47-46B8-ACF6-0E98DF157B7A}.Debug|Any CPU.ActiveCfg = Debug|Any CPU
		{14CD7E7C-EF47-46B8-ACF6-0E98DF157B7A}.Debug|Any CPU.Build.0 = Debug|Any CPU
		{14CD7E7C-EF47-46B8-ACF6-0E98DF157B7A}.Release|Any CPU.ActiveCfg = Release|Any CPU
		{14CD7E7C-EF47-46B8-ACF6-0E98DF157B7A}.Release|Any CPU.Build.0 = Release|Any CPU
		{76F7315C-AB38-4A9F-B193-927CB3DBB007}.Debug|Any CPU.ActiveCfg = Debug|Any CPU
		{76F7315C-AB38-4A9F-B193-927CB3DBB007}.Debug|Any CPU.Build.0 = Debug|Any CPU
		{76F7315C-AB38-4A9F-B193-927CB3DBB007}.Release|Any CPU.ActiveCfg = Release|Any CPU
		{76F7315C-AB38-4A9F-B193-927CB3DBB007}.Release|Any CPU.Build.0 = Release|Any CPU
		{96A5459F-55DC-4FD8-B9CE-AC590D7FBD71}.Debug|Any CPU.ActiveCfg = Debug|Any CPU
		{96A5459F-55DC-4FD8-B9CE-AC590D7FBD71}.Debug|Any CPU.Build.0 = Debug|Any CPU
		{96A5459F-55DC-4FD8-B9CE-AC590D7FBD71}.Release|Any CPU.ActiveCfg = Release|Any CPU
		{96A5459F-55DC-4FD8-B9CE-AC590D7FBD71}.Release|Any CPU.Build.0 = Release|Any CPU
	EndGlobalSection
	GlobalSection(SolutionProperties) = preSolution
		HideSolutionNode = FALSE
	EndGlobalSection
	GlobalSection(NestedProjects) = preSolution
		{58B4A3E7-5EED-40AC-8D7C-FCE87180FAE8} = {A19FDC74-4843-4D89-B9E4-7608621B4F35}
		{1DE3E49C-6A1B-47AE-9ECF-2516645840AC} = {A19FDC74-4843-4D89-B9E4-7608621B4F35}
		{D9712E3A-7150-47B1-BAA0-D2A7887DEFDC} = {A19FDC74-4843-4D89-B9E4-7608621B4F35}
		{EC1362FC-EB7E-4AE8-A908-CD5E9DB9F71A} = {A19FDC74-4843-4D89-B9E4-7608621B4F35}
		{19E403DC-8F64-49D3-BBD0-6FEE73C2CE3A} = {A19FDC74-4843-4D89-B9E4-7608621B4F35}
		{911DA695-DCE9-4119-BD52-F78D02085538} = {A19FDC74-4843-4D89-B9E4-7608621B4F35}
		{7E886AB6-A7C7-4503-9B97-4E0CCFBE8E0F} = {EA40BAF4-2FAC-4315-BC87-DF0DF3978BEA}
		{B345A0DE-86B5-4C00-87F7-0CBD09BAAD12} = {EA40BAF4-2FAC-4315-BC87-DF0DF3978BEA}
		{67EBE2E4-25AC-454B-A171-6601B51A1289} = {A19FDC74-4843-4D89-B9E4-7608621B4F35}
		{F7AC9FDB-5FEE-41A9-AD64-872CF22DBBE0} = {A19FDC74-4843-4D89-B9E4-7608621B4F35}
		{8854F46A-FCC6-42DB-87AE-7564C02624E6} = {EA40BAF4-2FAC-4315-BC87-DF0DF3978BEA}
		{8682D239-CC4F-448B-9700-41A98D31A966} = {8854F46A-FCC6-42DB-87AE-7564C02624E6}
		{232FBCE6-D6C7-4F41-8F16-941523E983FC} = {8854F46A-FCC6-42DB-87AE-7564C02624E6}
		{E13C5F36-CEE5-495C-8BB6-F2C6F7F59A0B} = {8854F46A-FCC6-42DB-87AE-7564C02624E6}
		{D6A218C0-5DA0-4EDC-89DE-A1231272B915} = {8854F46A-FCC6-42DB-87AE-7564C02624E6}
		{5F0A4B14-33AF-44B3-9431-2C82C6C76840} = {8854F46A-FCC6-42DB-87AE-7564C02624E6}
		{EB9FCDCC-F56A-4873-BC97-F43DAD31B56E} = {8854F46A-FCC6-42DB-87AE-7564C02624E6}
		{A46BA66D-1EF3-4C52-9CEE-2A096ACD9F98} = {8854F46A-FCC6-42DB-87AE-7564C02624E6}
		{82239206-477C-403D-B5FD-FE1AA809BCE4} = {8854F46A-FCC6-42DB-87AE-7564C02624E6}
		{C0C67AD0-806D-4790-82FF-E14430556E84} = {8854F46A-FCC6-42DB-87AE-7564C02624E6}
		{719196EB-F5EF-4C48-AA20-FF0E8F635969} = {8854F46A-FCC6-42DB-87AE-7564C02624E6}
		{44723412-705A-4E69-81B9-9D13D491FBD0} = {8854F46A-FCC6-42DB-87AE-7564C02624E6}
		{CFA46181-F818-48D9-8F5B-DD44026EAF7B} = {8854F46A-FCC6-42DB-87AE-7564C02624E6}
		{1043BF8A-D82B-4FB5-8403-E6A00853C6B5} = {8854F46A-FCC6-42DB-87AE-7564C02624E6}
		{703F4ABA-8D5C-44D4-B008-19DD936A225C} = {8854F46A-FCC6-42DB-87AE-7564C02624E6}
		{464C3B17-0473-47CD-A8F5-74A92706BF04} = {8854F46A-FCC6-42DB-87AE-7564C02624E6}
		{47C92868-A41A-40FD-99E0-1857AECA0A8D} = {8854F46A-FCC6-42DB-87AE-7564C02624E6}
		{D8F4F9E9-637B-43ED-9A68-9F7E6EB0B170} = {8854F46A-FCC6-42DB-87AE-7564C02624E6}
		{4F4E1C9B-C727-4E1F-8618-E204FE1E246A} = {8854F46A-FCC6-42DB-87AE-7564C02624E6}
		{7D757C6D-93B4-4D23-9998-9764A46EC953} = {8854F46A-FCC6-42DB-87AE-7564C02624E6}
		{AD7822E6-B8B0-42D4-AA20-B17544A78C8E} = {8854F46A-FCC6-42DB-87AE-7564C02624E6}
		{B676C45F-C527-44DF-9D15-888EDE55A3E5} = {8854F46A-FCC6-42DB-87AE-7564C02624E6}
		{8487C1E2-9085-4EF0-97F2-AE41EB607121} = {8854F46A-FCC6-42DB-87AE-7564C02624E6}
		{C92BABEC-2AC1-4569-A6E0-A3A8B0D34CBE} = {BF2E645A-41B6-4455-95A1-8E197208EBEE}
		{A78BA934-3757-4FA3-8CC8-649B9E8B5EE1} = {8854F46A-FCC6-42DB-87AE-7564C02624E6}
		{6805665B-EE3B-4B93-8315-E736D4FAF7E7} = {00E6A2DE-A133-4912-973C-227C25C9B47A}
		{DE9CA56D-FEB4-420D-AB25-7F3E3F453AFD} = {6805665B-EE3B-4B93-8315-E736D4FAF7E7}
		{A0AED075-4384-4A30-AD2D-973AB436B1D2} = {6805665B-EE3B-4B93-8315-E736D4FAF7E7}
		{7CB6526B-B3BA-4E72-8A4A-342D5DDBA265} = {DE9CA56D-FEB4-420D-AB25-7F3E3F453AFD}
		{CDC3D030-59B7-4879-B635-FB661BB4ADB7} = {DE9CA56D-FEB4-420D-AB25-7F3E3F453AFD}
		{E43C521C-4985-4ECD-942D-479D10E85D51} = {00E6A2DE-A133-4912-973C-227C25C9B47A}
		{81AD7C93-C6B8-4989-9768-DAAAA10571EE} = {DE9CA56D-FEB4-420D-AB25-7F3E3F453AFD}
		{C7776B60-89FC-48BD-BD93-B943528A873B} = {492CB3ED-938E-41B9-A043-3108B150490F}
		{5EFA1F1F-F93F-4CBE-A97B-B3B908AB1B3C} = {DE9CA56D-FEB4-420D-AB25-7F3E3F453AFD}
		{6C2083BB-4A2F-47A5-9A38-F3612DBE4D94} = {00E6A2DE-A133-4912-973C-227C25C9B47A}
		{BC969236-7D96-4D85-9F00-F4B8C2689184} = {6C2083BB-4A2F-47A5-9A38-F3612DBE4D94}
		{AAE8D8F7-0128-4210-A723-222227FC1FD6} = {42A82B12-DEE1-4778-B076-ED0ADE71555C}
		{E0DD3042-852E-41BE-ACD5-3AA5B7F3074F} = {42A82B12-DEE1-4778-B076-ED0ADE71555C}
		{EF1B6DF5-6AB4-4887-A8A1-208CF030B0A1} = {42A82B12-DEE1-4778-B076-ED0ADE71555C}
		{A4887B7C-75D4-4AF6-A93C-FFD3BA2765BB} = {42A82B12-DEE1-4778-B076-ED0ADE71555C}
		{13ED8D2E-2580-4187-ADD3-182BFD829D7F} = {42A82B12-DEE1-4778-B076-ED0ADE71555C}
		{05E28A92-00A8-4CD9-A1DD-41D45DC22426} = {BF2E645A-41B6-4455-95A1-8E197208EBEE}
		{F269A9E9-CB74-4D17-B39F-758A6DD62556} = {5853380F-9AFF-4947-B9C9-03382133A39D}
		{43ED3080-8338-40F6-A8B6-DDAAD64F82DC} = {5853380F-9AFF-4947-B9C9-03382133A39D}
		{927671E7-74D7-48AB-8D40-BBAD812EE87E} = {42A82B12-DEE1-4778-B076-ED0ADE71555C}
		{3C2EBA7A-D503-4B48-9F81-BD79F1E5A60F} = {B38ED49B-A417-4957-9F73-41214D2B3A4C}
		{7EDC7133-82A5-49D4-9731-5407F56100AD} = {B38ED49B-A417-4957-9F73-41214D2B3A4C}
		{4CF5D4D3-AE3C-4431-8B12-A48F3E6C383D} = {42A82B12-DEE1-4778-B076-ED0ADE71555C}
		{4916316C-C45D-4B15-9A7D-7E26361985A3} = {42A82B12-DEE1-4778-B076-ED0ADE71555C}
		{DA3FCFC6-D51B-499F-869C-2617E70D81FB} = {42A82B12-DEE1-4778-B076-ED0ADE71555C}
		{982FDCC3-2F56-467B-A60E-F6B33FD17D0B} = {42A82B12-DEE1-4778-B076-ED0ADE71555C}
		{6DCAA240-C84C-4D28-B8ED-A14251355B82} = {75CD9C4B-6A8E-484C-AC7B-9A42C4F6E952}
		{FFB32A50-15C7-4E8B-AB8F-883D9165E696} = {873689EF-26D9-4F99-BC99-A8A0B6433E97}
		{18AD4501-54A1-4994-994F-413FA642B074} = {873689EF-26D9-4F99-BC99-A8A0B6433E97}
		{C2767E86-29A4-4A2A-9FD4-6FFBE5254BD8} = {BF2E645A-41B6-4455-95A1-8E197208EBEE}
		{0D02B28A-9D85-4F6A-B135-6BDB2CDF21A1} = {75CD9C4B-6A8E-484C-AC7B-9A42C4F6E952}
		{9F95F1BB-762D-4B1E-A6A5-9B6B0A532871} = {75CD9C4B-6A8E-484C-AC7B-9A42C4F6E952}
		{A83E36D4-C7F4-4E58-B0B1-3CA8EEC1D775} = {75CD9C4B-6A8E-484C-AC7B-9A42C4F6E952}
		{E7515CB0-8848-4F92-A9C0-82460BF4150A} = {75CD9C4B-6A8E-484C-AC7B-9A42C4F6E952}
		{3B48DE89-C921-4277-B2B0-103769420063} = {5853380F-9AFF-4947-B9C9-03382133A39D}
		{14CD7E7C-EF47-46B8-ACF6-0E98DF157B7A} = {5853380F-9AFF-4947-B9C9-03382133A39D}
		{76F7315C-AB38-4A9F-B193-927CB3DBB007} = {5853380F-9AFF-4947-B9C9-03382133A39D}
		{96A5459F-55DC-4FD8-B9CE-AC590D7FBD71} = {5853380F-9AFF-4947-B9C9-03382133A39D}
	EndGlobalSection
	GlobalSection(ExtensibilityGlobals) = postSolution
		SolutionGuid = {033692A7-824F-46DD-8C2C-0676CFB45414}
	EndGlobalSection
EndGlobal
